// !$*UTF8*$!
{
	archiveVersion = 1;
	classes = {
	};
	objectVersion = 56;
	objects = {

/* Begin PBXBuildFile section */
		633142EF29B576E1002AFC17 /* Player.swift in Sources */ = {isa = PBXBuildFile; fileRef = 633142ED29B576E1002AFC17 /* Player.swift */; };
		633142F029B576E1002AFC17 /* Setting.swift in Sources */ = {isa = PBXBuildFile; fileRef = 633142EE29B576E1002AFC17 /* Setting.swift */; };
		638F7FF229B547D800B92663 /* AppDelegate.swift in Sources */ = {isa = PBXBuildFile; fileRef = 638F7FF129B547D800B92663 /* AppDelegate.swift */; };
		638F7FF429B547D800B92663 /* SceneDelegate.swift in Sources */ = {isa = PBXBuildFile; fileRef = 638F7FF329B547D800B92663 /* SceneDelegate.swift */; };
		638F7FF629B547D800B92663 /* ViewController.swift in Sources */ = {isa = PBXBuildFile; fileRef = 638F7FF529B547D800B92663 /* ViewController.swift */; };
		638F7FF929B547D800B92663 /* Main.storyboard in Resources */ = {isa = PBXBuildFile; fileRef = 638F7FF729B547D800B92663 /* Main.storyboard */; };
		638F7FFB29B547D900B92663 /* Assets.xcassets in Resources */ = {isa = PBXBuildFile; fileRef = 638F7FFA29B547D900B92663 /* Assets.xcassets */; };
		638F7FFE29B547D900B92663 /* LaunchScreen.storyboard in Resources */ = {isa = PBXBuildFile; fileRef = 638F7FFC29B547D900B92663 /* LaunchScreen.storyboard */; };
		63D5B17D29B69ED0006E4B98 /* MiniGameViewController.swift in Sources */ = {isa = PBXBuildFile; fileRef = 63D5B17C29B69ED0006E4B98 /* MiniGameViewController.swift */; };
		63D5B17F29B6B50C006E4B98 /* MiniDiceGame.swift in Sources */ = {isa = PBXBuildFile; fileRef = 63D5B17E29B6B50C006E4B98 /* MiniDiceGame.swift */; };
		63D5B18129B6B549006E4B98 /* DiceGame.swift in Sources */ = {isa = PBXBuildFile; fileRef = 63D5B18029B6B549006E4B98 /* DiceGame.swift */; };
		63D5B18529B6B585006E4B98 /* RandomDice.swift in Sources */ = {isa = PBXBuildFile; fileRef = 63D5B18229B6B585006E4B98 /* RandomDice.swift */; };
		63D5B18629B6B585006E4B98 /* Rollable.swift in Sources */ = {isa = PBXBuildFile; fileRef = 63D5B18329B6B585006E4B98 /* Rollable.swift */; };
		63D5B18729B6B585006E4B98 /* MagicDice.swift in Sources */ = {isa = PBXBuildFile; fileRef = 63D5B18429B6B585006E4B98 /* MagicDice.swift */; };
		63D8857829B6FDE000DA3AB1 /* Board.swift in Sources */ = {isa = PBXBuildFile; fileRef = 63D8857729B6FDE000DA3AB1 /* Board.swift */; };
/* End PBXBuildFile section */

/* Begin PBXFileReference section */
		633142ED29B576E1002AFC17 /* Player.swift */ = {isa = PBXFileReference; lastKnownFileType = sourcecode.swift; path = Player.swift; sourceTree = "<group>"; };
		633142EE29B576E1002AFC17 /* Setting.swift */ = {isa = PBXFileReference; lastKnownFileType = sourcecode.swift; path = Setting.swift; sourceTree = "<group>"; };
		638F7FEE29B547D800B92663 /* LadderAndSnake.app */ = {isa = PBXFileReference; explicitFileType = wrapper.application; includeInIndex = 0; path = LadderAndSnake.app; sourceTree = BUILT_PRODUCTS_DIR; };
		638F7FF129B547D800B92663 /* AppDelegate.swift */ = {isa = PBXFileReference; lastKnownFileType = sourcecode.swift; path = AppDelegate.swift; sourceTree = "<group>"; };
		638F7FF329B547D800B92663 /* SceneDelegate.swift */ = {isa = PBXFileReference; lastKnownFileType = sourcecode.swift; path = SceneDelegate.swift; sourceTree = "<group>"; };
		638F7FF529B547D800B92663 /* ViewController.swift */ = {isa = PBXFileReference; lastKnownFileType = sourcecode.swift; path = ViewController.swift; sourceTree = "<group>"; };
		638F7FF829B547D800B92663 /* Base */ = {isa = PBXFileReference; lastKnownFileType = file.storyboard; name = Base; path = Base.lproj/Main.storyboard; sourceTree = "<group>"; };
		638F7FFA29B547D900B92663 /* Assets.xcassets */ = {isa = PBXFileReference; lastKnownFileType = folder.assetcatalog; path = Assets.xcassets; sourceTree = "<group>"; };
		638F7FFD29B547D900B92663 /* Base */ = {isa = PBXFileReference; lastKnownFileType = file.storyboard; name = Base; path = Base.lproj/LaunchScreen.storyboard; sourceTree = "<group>"; };
		638F7FFF29B547D900B92663 /* Info.plist */ = {isa = PBXFileReference; lastKnownFileType = text.plist.xml; path = Info.plist; sourceTree = "<group>"; };
		63D5B17C29B69ED0006E4B98 /* MiniGameViewController.swift */ = {isa = PBXFileReference; fileEncoding = 4; lastKnownFileType = sourcecode.swift; path = MiniGameViewController.swift; sourceTree = "<group>"; };
		63D5B17E29B6B50C006E4B98 /* MiniDiceGame.swift */ = {isa = PBXFileReference; lastKnownFileType = sourcecode.swift; path = MiniDiceGame.swift; sourceTree = "<group>"; };
		63D5B18029B6B549006E4B98 /* DiceGame.swift */ = {isa = PBXFileReference; lastKnownFileType = sourcecode.swift; path = DiceGame.swift; sourceTree = "<group>"; };
		63D5B18229B6B585006E4B98 /* RandomDice.swift */ = {isa = PBXFileReference; fileEncoding = 4; lastKnownFileType = sourcecode.swift; name = RandomDice.swift; path = ../../DiceCommandLineGame/CommandLineProject/RandomDice.swift; sourceTree = "<group>"; };
		63D5B18329B6B585006E4B98 /* Rollable.swift */ = {isa = PBXFileReference; fileEncoding = 4; lastKnownFileType = sourcecode.swift; name = Rollable.swift; path = ../../DiceCommandLineGame/CommandLineProject/Rollable.swift; sourceTree = "<group>"; };
		63D5B18429B6B585006E4B98 /* MagicDice.swift */ = {isa = PBXFileReference; fileEncoding = 4; lastKnownFileType = sourcecode.swift; name = MagicDice.swift; path = ../../DiceCommandLineGame/CommandLineProject/MagicDice.swift; sourceTree = "<group>"; };
		63D8857729B6FDE000DA3AB1 /* Board.swift */ = {isa = PBXFileReference; lastKnownFileType = sourcecode.swift; path = Board.swift; sourceTree = "<group>"; };
/* End PBXFileReference section */

/* Begin PBXFrameworksBuildPhase section */
		638F7FEB29B547D800B92663 /* Frameworks */ = {
			isa = PBXFrameworksBuildPhase;
			buildActionMask = 2147483647;
			files = (
			);
			runOnlyForDeploymentPostprocessing = 0;
		};
/* End PBXFrameworksBuildPhase section */

/* Begin PBXGroup section */
		638F7FE529B547D800B92663 = {
			isa = PBXGroup;
			children = (
				638F7FF029B547D800B92663 /* LadderAndSnake */,
				638F7FEF29B547D800B92663 /* Products */,
			);
			sourceTree = "<group>";
		};
		638F7FEF29B547D800B92663 /* Products */ = {
			isa = PBXGroup;
			children = (
				638F7FEE29B547D800B92663 /* LadderAndSnake.app */,
			);
			name = Products;
			sourceTree = "<group>";
		};
		638F7FF029B547D800B92663 /* LadderAndSnake */ = {
			isa = PBXGroup;
			children = (
				633142ED29B576E1002AFC17 /* Player.swift */,
				633142EE29B576E1002AFC17 /* Setting.swift */,
				638F7FF129B547D800B92663 /* AppDelegate.swift */,
				638F7FF329B547D800B92663 /* SceneDelegate.swift */,
				638F7FF529B547D800B92663 /* ViewController.swift */,
				63D5B17C29B69ED0006E4B98 /* MiniGameViewController.swift */,
				638F7FF729B547D800B92663 /* Main.storyboard */,
				638F7FFA29B547D900B92663 /* Assets.xcassets */,
				638F7FFC29B547D900B92663 /* LaunchScreen.storyboard */,
				638F7FFF29B547D900B92663 /* Info.plist */,
				63D5B17E29B6B50C006E4B98 /* MiniDiceGame.swift */,
				63D5B18029B6B549006E4B98 /* DiceGame.swift */,
				63D5B18429B6B585006E4B98 /* MagicDice.swift */,
				63D5B18229B6B585006E4B98 /* RandomDice.swift */,
				63D5B18329B6B585006E4B98 /* Rollable.swift */,
				63D8857729B6FDE000DA3AB1 /* Board.swift */,
			);
			path = LadderAndSnake;
			sourceTree = "<group>";
		};
/* End PBXGroup section */

/* Begin PBXNativeTarget section */
		638F7FED29B547D800B92663 /* LadderAndSnake */ = {
			isa = PBXNativeTarget;
			buildConfigurationList = 638F800229B547D900B92663 /* Build configuration list for PBXNativeTarget "LadderAndSnake" */;
			buildPhases = (
				638F7FEA29B547D800B92663 /* Sources */,
				638F7FEB29B547D800B92663 /* Frameworks */,
				638F7FEC29B547D800B92663 /* Resources */,
			);
			buildRules = (
			);
			dependencies = (
			);
			name = LadderAndSnake;
			productName = LadderAndSnake;
			productReference = 638F7FEE29B547D800B92663 /* LadderAndSnake.app */;
			productType = "com.apple.product-type.application";
		};
/* End PBXNativeTarget section */

/* Begin PBXProject section */
		638F7FE629B547D800B92663 /* Project object */ = {
			isa = PBXProject;
			attributes = {
				BuildIndependentTargetsInParallel = 1;
				LastSwiftUpdateCheck = 1420;
				LastUpgradeCheck = 1420;
				TargetAttributes = {
					638F7FED29B547D800B92663 = {
						CreatedOnToolsVersion = 14.2;
					};
				};
			};
			buildConfigurationList = 638F7FE929B547D800B92663 /* Build configuration list for PBXProject "LadderAndSnake" */;
			compatibilityVersion = "Xcode 14.0";
			developmentRegion = en;
			hasScannedForEncodings = 0;
			knownRegions = (
				en,
				Base,
			);
			mainGroup = 638F7FE529B547D800B92663;
			productRefGroup = 638F7FEF29B547D800B92663 /* Products */;
			projectDirPath = "";
			projectRoot = "";
			targets = (
				638F7FED29B547D800B92663 /* LadderAndSnake */,
			);
		};
/* End PBXProject section */

/* Begin PBXResourcesBuildPhase section */
		638F7FEC29B547D800B92663 /* Resources */ = {
			isa = PBXResourcesBuildPhase;
			buildActionMask = 2147483647;
			files = (
				638F7FFE29B547D900B92663 /* LaunchScreen.storyboard in Resources */,
				638F7FFB29B547D900B92663 /* Assets.xcassets in Resources */,
				638F7FF929B547D800B92663 /* Main.storyboard in Resources */,
			);
			runOnlyForDeploymentPostprocessing = 0;
		};
/* End PBXResourcesBuildPhase section */

/* Begin PBXSourcesBuildPhase section */
		638F7FEA29B547D800B92663 /* Sources */ = {
			isa = PBXSourcesBuildPhase;
			buildActionMask = 2147483647;
			files = (
				63D5B18129B6B549006E4B98 /* DiceGame.swift in Sources */,
				63D5B17F29B6B50C006E4B98 /* MiniDiceGame.swift in Sources */,
				63D8857829B6FDE000DA3AB1 /* Board.swift in Sources */,
				63D5B18529B6B585006E4B98 /* RandomDice.swift in Sources */,
				638F7FF629B547D800B92663 /* ViewController.swift in Sources */,
				63D5B18729B6B585006E4B98 /* MagicDice.swift in Sources */,
				633142F029B576E1002AFC17 /* Setting.swift in Sources */,
				638F7FF229B547D800B92663 /* AppDelegate.swift in Sources */,
				63D5B18629B6B585006E4B98 /* Rollable.swift in Sources */,
				63D5B17D29B69ED0006E4B98 /* MiniGameViewController.swift in Sources */,
				633142EF29B576E1002AFC17 /* Player.swift in Sources */,
				638F7FF429B547D800B92663 /* SceneDelegate.swift in Sources */,
			);
			runOnlyForDeploymentPostprocessing = 0;
		};
/* End PBXSourcesBuildPhase section */

/* Begin PBXVariantGroup section */
		638F7FF729B547D800B92663 /* Main.storyboard */ = {
			isa = PBXVariantGroup;
			children = (
				638F7FF829B547D800B92663 /* Base */,
			);
			name = Main.storyboard;
			sourceTree = "<group>";
		};
		638F7FFC29B547D900B92663 /* LaunchScreen.storyboard */ = {
			isa = PBXVariantGroup;
			children = (
				638F7FFD29B547D900B92663 /* Base */,
			);
			name = LaunchScreen.storyboard;
			sourceTree = "<group>";
		};
/* End PBXVariantGroup section */

/* Begin XCBuildConfiguration section */
		638F800029B547D900B92663 /* Debug */ = {
			isa = XCBuildConfiguration;
			buildSettings = {
				ALWAYS_SEARCH_USER_PATHS = NO;
				CLANG_ANALYZER_NONNULL = YES;
				CLANG_ANALYZER_NUMBER_OBJECT_CONVERSION = YES_AGGRESSIVE;
				CLANG_CXX_LANGUAGE_STANDARD = "gnu++20";
				CLANG_ENABLE_MODULES = YES;
				CLANG_ENABLE_OBJC_ARC = YES;
				CLANG_ENABLE_OBJC_WEAK = YES;
				CLANG_WARN_BLOCK_CAPTURE_AUTORELEASING = YES;
				CLANG_WARN_BOOL_CONVERSION = YES;
				CLANG_WARN_COMMA = YES;
				CLANG_WARN_CONSTANT_CONVERSION = YES;
				CLANG_WARN_DEPRECATED_OBJC_IMPLEMENTATIONS = YES;
				CLANG_WARN_DIRECT_OBJC_ISA_USAGE = YES_ERROR;
				CLANG_WARN_DOCUMENTATION_COMMENTS = YES;
				CLANG_WARN_EMPTY_BODY = YES;
				CLANG_WARN_ENUM_CONVERSION = YES;
				CLANG_WARN_INFINITE_RECURSION = YES;
				CLANG_WARN_INT_CONVERSION = YES;
				CLANG_WARN_NON_LITERAL_NULL_CONVERSION = YES;
				CLANG_WARN_OBJC_IMPLICIT_RETAIN_SELF = YES;
				CLANG_WARN_OBJC_LITERAL_CONVERSION = YES;
				CLANG_WARN_OBJC_ROOT_CLASS = YES_ERROR;
				CLANG_WARN_QUOTED_INCLUDE_IN_FRAMEWORK_HEADER = YES;
				CLANG_WARN_RANGE_LOOP_ANALYSIS = YES;
				CLANG_WARN_STRICT_PROTOTYPES = YES;
				CLANG_WARN_SUSPICIOUS_MOVE = YES;
				CLANG_WARN_UNGUARDED_AVAILABILITY = YES_AGGRESSIVE;
				CLANG_WARN_UNREACHABLE_CODE = YES;
				CLANG_WARN__DUPLICATE_METHOD_MATCH = YES;
				COPY_PHASE_STRIP = NO;
				DEBUG_INFORMATION_FORMAT = dwarf;
				ENABLE_STRICT_OBJC_MSGSEND = YES;
				ENABLE_TESTABILITY = YES;
				GCC_C_LANGUAGE_STANDARD = gnu11;
				GCC_DYNAMIC_NO_PIC = NO;
				GCC_NO_COMMON_BLOCKS = YES;
				GCC_OPTIMIZATION_LEVEL = 0;
				GCC_PREPROCESSOR_DEFINITIONS = (
					"DEBUG=1",
					"$(inherited)",
				);
				GCC_WARN_64_TO_32_BIT_CONVERSION = YES;
				GCC_WARN_ABOUT_RETURN_TYPE = YES_ERROR;
				GCC_WARN_UNDECLARED_SELECTOR = YES;
				GCC_WARN_UNINITIALIZED_AUTOS = YES_AGGRESSIVE;
				GCC_WARN_UNUSED_FUNCTION = YES;
				GCC_WARN_UNUSED_VARIABLE = YES;
				IPHONEOS_DEPLOYMENT_TARGET = 16.2;
				MTL_ENABLE_DEBUG_INFO = INCLUDE_SOURCE;
				MTL_FAST_MATH = YES;
				ONLY_ACTIVE_ARCH = YES;
				SDKROOT = iphoneos;
				SWIFT_ACTIVE_COMPILATION_CONDITIONS = DEBUG;
				SWIFT_OPTIMIZATION_LEVEL = "-Onone";
			};
			name = Debug;
		};
		638F800129B547D900B92663 /* Release */ = {
			isa = XCBuildConfiguration;
			buildSettings = {
				ALWAYS_SEARCH_USER_PATHS = NO;
				CLANG_ANALYZER_NONNULL = YES;
				CLANG_ANALYZER_NUMBER_OBJECT_CONVERSION = YES_AGGRESSIVE;
				CLANG_CXX_LANGUAGE_STANDARD = "gnu++20";
				CLANG_ENABLE_MODULES = YES;
				CLANG_ENABLE_OBJC_ARC = YES;
				CLANG_ENABLE_OBJC_WEAK = YES;
				CLANG_WARN_BLOCK_CAPTURE_AUTORELEASING = YES;
				CLANG_WARN_BOOL_CONVERSION = YES;
				CLANG_WARN_COMMA = YES;
				CLANG_WARN_CONSTANT_CONVERSION = YES;
				CLANG_WARN_DEPRECATED_OBJC_IMPLEMENTATIONS = YES;
				CLANG_WARN_DIRECT_OBJC_ISA_USAGE = YES_ERROR;
				CLANG_WARN_DOCUMENTATION_COMMENTS = YES;
				CLANG_WARN_EMPTY_BODY = YES;
				CLANG_WARN_ENUM_CONVERSION = YES;
				CLANG_WARN_INFINITE_RECURSION = YES;
				CLANG_WARN_INT_CONVERSION = YES;
				CLANG_WARN_NON_LITERAL_NULL_CONVERSION = YES;
				CLANG_WARN_OBJC_IMPLICIT_RETAIN_SELF = YES;
				CLANG_WARN_OBJC_LITERAL_CONVERSION = YES;
				CLANG_WARN_OBJC_ROOT_CLASS = YES_ERROR;
				CLANG_WARN_QUOTED_INCLUDE_IN_FRAMEWORK_HEADER = YES;
				CLANG_WARN_RANGE_LOOP_ANALYSIS = YES;
				CLANG_WARN_STRICT_PROTOTYPES = YES;
				CLANG_WARN_SUSPICIOUS_MOVE = YES;
				CLANG_WARN_UNGUARDED_AVAILABILITY = YES_AGGRESSIVE;
				CLANG_WARN_UNREACHABLE_CODE = YES;
				CLANG_WARN__DUPLICATE_METHOD_MATCH = YES;
				COPY_PHASE_STRIP = NO;
				DEBUG_INFORMATION_FORMAT = "dwarf-with-dsym";
				ENABLE_NS_ASSERTIONS = NO;
				ENABLE_STRICT_OBJC_MSGSEND = YES;
				GCC_C_LANGUAGE_STANDARD = gnu11;
				GCC_NO_COMMON_BLOCKS = YES;
				GCC_WARN_64_TO_32_BIT_CONVERSION = YES;
				GCC_WARN_ABOUT_RETURN_TYPE = YES_ERROR;
				GCC_WARN_UNDECLARED_SELECTOR = YES;
				GCC_WARN_UNINITIALIZED_AUTOS = YES_AGGRESSIVE;
				GCC_WARN_UNUSED_FUNCTION = YES;
				GCC_WARN_UNUSED_VARIABLE = YES;
				IPHONEOS_DEPLOYMENT_TARGET = 16.2;
				MTL_ENABLE_DEBUG_INFO = NO;
				MTL_FAST_MATH = YES;
				SDKROOT = iphoneos;
				SWIFT_COMPILATION_MODE = wholemodule;
				SWIFT_OPTIMIZATION_LEVEL = "-O";
				VALIDATE_PRODUCT = YES;
			};
			name = Release;
		};
		638F800329B547D900B92663 /* Debug */ = {
			isa = XCBuildConfiguration;
			buildSettings = {
				ASSETCATALOG_COMPILER_APPICON_NAME = AppIcon;
				ASSETCATALOG_COMPILER_GLOBAL_ACCENT_COLOR_NAME = AccentColor;
				CODE_SIGN_STYLE = Automatic;
				CURRENT_PROJECT_VERSION = 1;
				GENERATE_INFOPLIST_FILE = YES;
				INFOPLIST_FILE = LadderAndSnake/Info.plist;
				INFOPLIST_KEY_UIApplicationSupportsIndirectInputEvents = YES;
				INFOPLIST_KEY_UILaunchStoryboardName = LaunchScreen;
				INFOPLIST_KEY_UIMainStoryboardFile = Main;
				INFOPLIST_KEY_UISupportedInterfaceOrientations_iPad = "UIInterfaceOrientationPortrait UIInterfaceOrientationPortraitUpsideDown UIInterfaceOrientationLandscapeLeft UIInterfaceOrientationLandscapeRight";
				INFOPLIST_KEY_UISupportedInterfaceOrientations_iPhone = "UIInterfaceOrientationPortrait UIInterfaceOrientationLandscapeLeft UIInterfaceOrientationLandscapeRight";
				IPHONEOS_DEPLOYMENT_TARGET = 15.0;
				LD_RUNPATH_SEARCH_PATHS = (
					"$(inherited)",
					"@executable_path/Frameworks",
				);
				MARKETING_VERSION = 1.0;
				PRODUCT_BUNDLE_IDENTIFIER = xyz.dongguo.LadderAndSnake;
				PRODUCT_NAME = "$(TARGET_NAME)";
				SUPPORTED_PLATFORMS = "iphoneos iphonesimulator";
				SUPPORTS_MACCATALYST = NO;
				SUPPORTS_MAC_DESIGNED_FOR_IPHONE_IPAD = NO;
				SWIFT_EMIT_LOC_STRINGS = YES;
				SWIFT_VERSION = 5.0;
				TARGETED_DEVICE_FAMILY = 2;
			};
			name = Debug;
		};
		638F800429B547D900B92663 /* Release */ = {
			isa = XCBuildConfiguration;
			buildSettings = {
				ASSETCATALOG_COMPILER_APPICON_NAME = AppIcon;
				ASSETCATALOG_COMPILER_GLOBAL_ACCENT_COLOR_NAME = AccentColor;
				CODE_SIGN_STYLE = Automatic;
				CURRENT_PROJECT_VERSION = 1;
				GENERATE_INFOPLIST_FILE = YES;
				INFOPLIST_FILE = LadderAndSnake/Info.plist;
				INFOPLIST_KEY_UIApplicationSupportsIndirectInputEvents = YES;
				INFOPLIST_KEY_UILaunchStoryboardName = LaunchScreen;
				INFOPLIST_KEY_UIMainStoryboardFile = Main;
				INFOPLIST_KEY_UISupportedInterfaceOrientations_iPad = "UIInterfaceOrientationPortrait UIInterfaceOrientationPortraitUpsideDown UIInterfaceOrientationLandscapeLeft UIInterfaceOrientationLandscapeRight";
				INFOPLIST_KEY_UISupportedInterfaceOrientations_iPhone = "UIInterfaceOrientationPortrait UIInterfaceOrientationLandscapeLeft UIInterfaceOrientationLandscapeRight";
				IPHONEOS_DEPLOYMENT_TARGET = 15.0;
				LD_RUNPATH_SEARCH_PATHS = (
					"$(inherited)",
					"@executable_path/Frameworks",
				);
				MARKETING_VERSION = 1.0;
				PRODUCT_BUNDLE_IDENTIFIER = xyz.dongguo.LadderAndSnake;
				PRODUCT_NAME = "$(TARGET_NAME)";
				SUPPORTED_PLATFORMS = "iphoneos iphonesimulator";
				SUPPORTS_MACCATALYST = NO;
				SUPPORTS_MAC_DESIGNED_FOR_IPHONE_IPAD = NO;
				SWIFT_EMIT_LOC_STRINGS = YES;
				SWIFT_VERSION = 5.0;
				TARGETED_DEVICE_FAMILY = 2;
			};
			name = Release;
		};
/* End XCBuildConfiguration section */

/* Begin XCConfigurationList section */
		638F7FE929B547D800B92663 /* Build configuration list for PBXProject "LadderAndSnake" */ = {
			isa = XCConfigurationList;
			buildConfigurations = (
				638F800029B547D900B92663 /* Debug */,
				638F800129B547D900B92663 /* Release */,
			);
			defaultConfigurationIsVisible = 0;
			defaultConfigurationName = Release;
		};
		638F800229B547D900B92663 /* Build configuration list for PBXNativeTarget "LadderAndSnake" */ = {
			isa = XCConfigurationList;
			buildConfigurations = (
				638F800329B547D900B92663 /* Debug */,
				638F800429B547D900B92663 /* Release */,
			);
			defaultConfigurationIsVisible = 0;
			defaultConfigurationName = Release;
		};
/* End XCConfigurationList section */
	};
	rootObject = 638F7FE629B547D800B92663 /* Project object */;
}
