// !$*UTF8*$!
{
	archiveVersion = 1;
	classes = {
	};
	objectVersion = 56;
	objects = {

/* Begin PBXBuildFile section */
		FC5BAF2429C8D218000813BB /* AppDelegate.swift in Sources */ = {isa = PBXBuildFile; fileRef = FC5BAF2329C8D218000813BB /* AppDelegate.swift */; };
		FC5BAF2629C8D218000813BB /* SceneDelegate.swift in Sources */ = {isa = PBXBuildFile; fileRef = FC5BAF2529C8D218000813BB /* SceneDelegate.swift */; };
		FC5BAF2B29C8D218000813BB /* Main.storyboard in Resources */ = {isa = PBXBuildFile; fileRef = FC5BAF2929C8D218000813BB /* Main.storyboard */; };
		FC5BAF2D29C8D21A000813BB /* Assets.xcassets in Resources */ = {isa = PBXBuildFile; fileRef = FC5BAF2C29C8D21A000813BB /* Assets.xcassets */; };
		FC5BAF3029C8D21A000813BB /* LaunchScreen.storyboard in Resources */ = {isa = PBXBuildFile; fileRef = FC5BAF2E29C8D21A000813BB /* LaunchScreen.storyboard */; };
		FC5BAF3829C8DA21000813BB /* HomeCollectionViewController.swift in Sources */ = {isa = PBXBuildFile; fileRef = FC5BAF3729C8DA21000813BB /* HomeCollectionViewController.swift */; };
		FC5BAF3A29C8DA3C000813BB /* HabitCollectionViewController.swift in Sources */ = {isa = PBXBuildFile; fileRef = FC5BAF3929C8DA3C000813BB /* HabitCollectionViewController.swift */; };
		FC5BAF3C29C8DA4D000813BB /* UserCollectionViewController.swift in Sources */ = {isa = PBXBuildFile; fileRef = FC5BAF3B29C8DA4D000813BB /* UserCollectionViewController.swift */; };
		FC5BAF3E29C8DA63000813BB /* LogHabitCollectionViewController.swift in Sources */ = {isa = PBXBuildFile; fileRef = FC5BAF3D29C8DA63000813BB /* LogHabitCollectionViewController.swift */; };
		FC5BAF4029C8DBBE000813BB /* HabitDetailViewController.swift in Sources */ = {isa = PBXBuildFile; fileRef = FC5BAF3F29C8DBBE000813BB /* HabitDetailViewController.swift */; };
		FC5BAF4229C8DBD0000813BB /* UserDetailViewController.swift in Sources */ = {isa = PBXBuildFile; fileRef = FC5BAF4129C8DBD0000813BB /* UserDetailViewController.swift */; };
/* End PBXBuildFile section */

/* Begin PBXFileReference section */
		FC5BAF2029C8D218000813BB /* Habits.app */ = {isa = PBXFileReference; explicitFileType = wrapper.application; includeInIndex = 0; path = Habits.app; sourceTree = BUILT_PRODUCTS_DIR; };
		FC5BAF2329C8D218000813BB /* AppDelegate.swift */ = {isa = PBXFileReference; lastKnownFileType = sourcecode.swift; path = AppDelegate.swift; sourceTree = "<group>"; };
		FC5BAF2529C8D218000813BB /* SceneDelegate.swift */ = {isa = PBXFileReference; lastKnownFileType = sourcecode.swift; path = SceneDelegate.swift; sourceTree = "<group>"; };
		FC5BAF2A29C8D218000813BB /* Base */ = {isa = PBXFileReference; lastKnownFileType = file.storyboard; name = Base; path = Base.lproj/Main.storyboard; sourceTree = "<group>"; };
		FC5BAF2C29C8D21A000813BB /* Assets.xcassets */ = {isa = PBXFileReference; lastKnownFileType = folder.assetcatalog; path = Assets.xcassets; sourceTree = "<group>"; };
		FC5BAF2F29C8D21A000813BB /* Base */ = {isa = PBXFileReference; lastKnownFileType = file.storyboard; name = Base; path = Base.lproj/LaunchScreen.storyboard; sourceTree = "<group>"; };
		FC5BAF3129C8D21A000813BB /* Info.plist */ = {isa = PBXFileReference; lastKnownFileType = text.plist.xml; path = Info.plist; sourceTree = "<group>"; };
		FC5BAF3729C8DA21000813BB /* HomeCollectionViewController.swift */ = {isa = PBXFileReference; lastKnownFileType = sourcecode.swift; path = HomeCollectionViewController.swift; sourceTree = "<group>"; };
		FC5BAF3929C8DA3C000813BB /* HabitCollectionViewController.swift */ = {isa = PBXFileReference; lastKnownFileType = sourcecode.swift; path = HabitCollectionViewController.swift; sourceTree = "<group>"; };
		FC5BAF3B29C8DA4D000813BB /* UserCollectionViewController.swift */ = {isa = PBXFileReference; lastKnownFileType = sourcecode.swift; path = UserCollectionViewController.swift; sourceTree = "<group>"; };
		FC5BAF3D29C8DA63000813BB /* LogHabitCollectionViewController.swift */ = {isa = PBXFileReference; lastKnownFileType = sourcecode.swift; path = LogHabitCollectionViewController.swift; sourceTree = "<group>"; };
		FC5BAF3F29C8DBBE000813BB /* HabitDetailViewController.swift */ = {isa = PBXFileReference; lastKnownFileType = sourcecode.swift; path = HabitDetailViewController.swift; sourceTree = "<group>"; };
		FC5BAF4129C8DBD0000813BB /* UserDetailViewController.swift */ = {isa = PBXFileReference; lastKnownFileType = sourcecode.swift; path = UserDetailViewController.swift; sourceTree = "<group>"; };
/* End PBXFileReference section */

/* Begin PBXFrameworksBuildPhase section */
		FC5BAF1D29C8D218000813BB /* Frameworks */ = {
			isa = PBXFrameworksBuildPhase;
			buildActionMask = 2147483647;
			files = (
			);
			runOnlyForDeploymentPostprocessing = 0;
		};
/* End PBXFrameworksBuildPhase section */

/* Begin PBXGroup section */
		FC5BAF1729C8D218000813BB = {
			isa = PBXGroup;
			children = (
				FC5BAF2229C8D218000813BB /* Habits */,
				FC5BAF2129C8D218000813BB /* Products */,
			);
			sourceTree = "<group>";
		};
		FC5BAF2129C8D218000813BB /* Products */ = {
			isa = PBXGroup;
			children = (
				FC5BAF2029C8D218000813BB /* Habits.app */,
			);
			name = Products;
			sourceTree = "<group>";
		};
		FC5BAF2229C8D218000813BB /* Habits */ = {
			isa = PBXGroup;
			children = (
				FC5BAF3D29C8DA63000813BB /* LogHabitCollectionViewController.swift */,
				FC5BAF3B29C8DA4D000813BB /* UserCollectionViewController.swift */,
				FC5BAF3929C8DA3C000813BB /* HabitCollectionViewController.swift */,
				FC5BAF3729C8DA21000813BB /* HomeCollectionViewController.swift */,
				FC5BAF3F29C8DBBE000813BB /* HabitDetailViewController.swift */,
				FC5BAF4129C8DBD0000813BB /* UserDetailViewController.swift */,
				FC5BAF2329C8D218000813BB /* AppDelegate.swift */,
				FC5BAF2529C8D218000813BB /* SceneDelegate.swift */,
				FC5BAF2929C8D218000813BB /* Main.storyboard */,
				FC5BAF2C29C8D21A000813BB /* Assets.xcassets */,
				FC5BAF2E29C8D21A000813BB /* LaunchScreen.storyboard */,
				FC5BAF3129C8D21A000813BB /* Info.plist */,
			);
			path = Habits;
			sourceTree = "<group>";
		};
/* End PBXGroup section */

/* Begin PBXNativeTarget section */
		FC5BAF1F29C8D218000813BB /* Habits */ = {
			isa = PBXNativeTarget;
			buildConfigurationList = FC5BAF3429C8D21A000813BB /* Build configuration list for PBXNativeTarget "Habits" */;
			buildPhases = (
				FC5BAF1C29C8D218000813BB /* Sources */,
				FC5BAF1D29C8D218000813BB /* Frameworks */,
				FC5BAF1E29C8D218000813BB /* Resources */,
			);
			buildRules = (
			);
			dependencies = (
			);
			name = Habits;
			productName = Habits;
			productReference = FC5BAF2029C8D218000813BB /* Habits.app */;
			productType = "com.apple.product-type.application";
		};
/* End PBXNativeTarget section */

/* Begin PBXProject section */
		FC5BAF1829C8D218000813BB /* Project object */ = {
			isa = PBXProject;
			attributes = {
				BuildIndependentTargetsInParallel = 1;
				LastSwiftUpdateCheck = 1420;
				LastUpgradeCheck = 1420;
				TargetAttributes = {
					FC5BAF1F29C8D218000813BB = {
						CreatedOnToolsVersion = 14.2;
					};
				};
			};
			buildConfigurationList = FC5BAF1B29C8D218000813BB /* Build configuration list for PBXProject "Habits" */;
			compatibilityVersion = "Xcode 14.0";
			developmentRegion = en;
			hasScannedForEncodings = 0;
			knownRegions = (
				en,
				Base,
			);
			mainGroup = FC5BAF1729C8D218000813BB;
			productRefGroup = FC5BAF2129C8D218000813BB /* Products */;
			projectDirPath = "";
			projectRoot = "";
			targets = (
				FC5BAF1F29C8D218000813BB /* Habits */,
			);
		};
/* End PBXProject section */

/* Begin PBXResourcesBuildPhase section */
		FC5BAF1E29C8D218000813BB /* Resources */ = {
			isa = PBXResourcesBuildPhase;
			buildActionMask = 2147483647;
			files = (
				FC5BAF3029C8D21A000813BB /* LaunchScreen.storyboard in Resources */,
				FC5BAF2D29C8D21A000813BB /* Assets.xcassets in Resources */,
				FC5BAF2B29C8D218000813BB /* Main.storyboard in Resources */,
			);
			runOnlyForDeploymentPostprocessing = 0;
		};
/* End PBXResourcesBuildPhase section */

/* Begin PBXSourcesBuildPhase section */
		FC5BAF1C29C8D218000813BB /* Sources */ = {
			isa = PBXSourcesBuildPhase;
			buildActionMask = 2147483647;
			files = (
				FC5BAF3829C8DA21000813BB /* HomeCollectionViewController.swift in Sources */,
				FC5BAF3C29C8DA4D000813BB /* UserCollectionViewController.swift in Sources */,
				FC5BAF4229C8DBD0000813BB /* UserDetailViewController.swift in Sources */,
				FC5BAF3A29C8DA3C000813BB /* HabitCollectionViewController.swift in Sources */,
				FC5BAF2429C8D218000813BB /* AppDelegate.swift in Sources */,
				FC5BAF3E29C8DA63000813BB /* LogHabitCollectionViewController.swift in Sources */,
				FC5BAF4029C8DBBE000813BB /* HabitDetailViewController.swift in Sources */,
				FC5BAF2629C8D218000813BB /* SceneDelegate.swift in Sources */,
			);
			runOnlyForDeploymentPostprocessing = 0;
		};
/* End PBXSourcesBuildPhase section */

/* Begin PBXVariantGroup section */
		FC5BAF2929C8D218000813BB /* Main.storyboard */ = {
			isa = PBXVariantGroup;
			children = (
				FC5BAF2A29C8D218000813BB /* Base */,
			);
			name = Main.storyboard;
			sourceTree = "<group>";
		};
		FC5BAF2E29C8D21A000813BB /* LaunchScreen.storyboard */ = {
			isa = PBXVariantGroup;
			children = (
				FC5BAF2F29C8D21A000813BB /* Base */,
			);
			name = LaunchScreen.storyboard;
			sourceTree = "<group>";
		};
/* End PBXVariantGroup section */

/* Begin XCBuildConfiguration section */
		FC5BAF3229C8D21A000813BB /* Debug */ = {
			isa = XCBuildConfiguration;
			buildSettings = {
				ALWAYS_SEARCH_USER_PATHS = NO;
				CLANG_ANALYZER_NONNULL = YES;
				CLANG_ANALYZER_NUMBER_OBJECT_CONVERSION = YES_AGGRESSIVE;
				CLANG_CXX_LANGUAGE_STANDARD = "gnu++20";
				CLANG_ENABLE_MODULES = YES;
				CLANG_ENABLE_OBJC_ARC = YES;
				CLANG_ENABLE_OBJC_WEAK = YES;
				CLANG_WARN_BLOCK_CAPTURE_AUTORELEASING = YES;
				CLANG_WARN_BOOL_CONVERSION = YES;
				CLANG_WARN_COMMA = YES;
				CLANG_WARN_CONSTANT_CONVERSION = YES;
				CLANG_WARN_DEPRECATED_OBJC_IMPLEMENTATIONS = YES;
				CLANG_WARN_DIRECT_OBJC_ISA_USAGE = YES_ERROR;
				CLANG_WARN_DOCUMENTATION_COMMENTS = YES;
				CLANG_WARN_EMPTY_BODY = YES;
				CLANG_WARN_ENUM_CONVERSION = YES;
				CLANG_WARN_INFINITE_RECURSION = YES;
				CLANG_WARN_INT_CONVERSION = YES;
				CLANG_WARN_NON_LITERAL_NULL_CONVERSION = YES;
				CLANG_WARN_OBJC_IMPLICIT_RETAIN_SELF = YES;
				CLANG_WARN_OBJC_LITERAL_CONVERSION = YES;
				CLANG_WARN_OBJC_ROOT_CLASS = YES_ERROR;
				CLANG_WARN_QUOTED_INCLUDE_IN_FRAMEWORK_HEADER = YES;
				CLANG_WARN_RANGE_LOOP_ANALYSIS = YES;
				CLANG_WARN_STRICT_PROTOTYPES = YES;
				CLANG_WARN_SUSPICIOUS_MOVE = YES;
				CLANG_WARN_UNGUARDED_AVAILABILITY = YES_AGGRESSIVE;
				CLANG_WARN_UNREACHABLE_CODE = YES;
				CLANG_WARN__DUPLICATE_METHOD_MATCH = YES;
				COPY_PHASE_STRIP = NO;
				DEBUG_INFORMATION_FORMAT = dwarf;
				ENABLE_STRICT_OBJC_MSGSEND = YES;
				ENABLE_TESTABILITY = YES;
				GCC_C_LANGUAGE_STANDARD = gnu11;
				GCC_DYNAMIC_NO_PIC = NO;
				GCC_NO_COMMON_BLOCKS = YES;
				GCC_OPTIMIZATION_LEVEL = 0;
				GCC_PREPROCESSOR_DEFINITIONS = (
					"DEBUG=1",
					"$(inherited)",
				);
				GCC_WARN_64_TO_32_BIT_CONVERSION = YES;
				GCC_WARN_ABOUT_RETURN_TYPE = YES_ERROR;
				GCC_WARN_UNDECLARED_SELECTOR = YES;
				GCC_WARN_UNINITIALIZED_AUTOS = YES_AGGRESSIVE;
				GCC_WARN_UNUSED_FUNCTION = YES;
				GCC_WARN_UNUSED_VARIABLE = YES;
				IPHONEOS_DEPLOYMENT_TARGET = 16.2;
				MTL_ENABLE_DEBUG_INFO = INCLUDE_SOURCE;
				MTL_FAST_MATH = YES;
				ONLY_ACTIVE_ARCH = YES;
				SDKROOT = iphoneos;
				SWIFT_ACTIVE_COMPILATION_CONDITIONS = DEBUG;
				SWIFT_OPTIMIZATION_LEVEL = "-Onone";
			};
			name = Debug;
		};
		FC5BAF3329C8D21A000813BB /* Release */ = {
			isa = XCBuildConfiguration;
			buildSettings = {
				ALWAYS_SEARCH_USER_PATHS = NO;
				CLANG_ANALYZER_NONNULL = YES;
				CLANG_ANALYZER_NUMBER_OBJECT_CONVERSION = YES_AGGRESSIVE;
				CLANG_CXX_LANGUAGE_STANDARD = "gnu++20";
				CLANG_ENABLE_MODULES = YES;
				CLANG_ENABLE_OBJC_ARC = YES;
				CLANG_ENABLE_OBJC_WEAK = YES;
				CLANG_WARN_BLOCK_CAPTURE_AUTORELEASING = YES;
				CLANG_WARN_BOOL_CONVERSION = YES;
				CLANG_WARN_COMMA = YES;
				CLANG_WARN_CONSTANT_CONVERSION = YES;
				CLANG_WARN_DEPRECATED_OBJC_IMPLEMENTATIONS = YES;
				CLANG_WARN_DIRECT_OBJC_ISA_USAGE = YES_ERROR;
				CLANG_WARN_DOCUMENTATION_COMMENTS = YES;
				CLANG_WARN_EMPTY_BODY = YES;
				CLANG_WARN_ENUM_CONVERSION = YES;
				CLANG_WARN_INFINITE_RECURSION = YES;
				CLANG_WARN_INT_CONVERSION = YES;
				CLANG_WARN_NON_LITERAL_NULL_CONVERSION = YES;
				CLANG_WARN_OBJC_IMPLICIT_RETAIN_SELF = YES;
				CLANG_WARN_OBJC_LITERAL_CONVERSION = YES;
				CLANG_WARN_OBJC_ROOT_CLASS = YES_ERROR;
				CLANG_WARN_QUOTED_INCLUDE_IN_FRAMEWORK_HEADER = YES;
				CLANG_WARN_RANGE_LOOP_ANALYSIS = YES;
				CLANG_WARN_STRICT_PROTOTYPES = YES;
				CLANG_WARN_SUSPICIOUS_MOVE = YES;
				CLANG_WARN_UNGUARDED_AVAILABILITY = YES_AGGRESSIVE;
				CLANG_WARN_UNREACHABLE_CODE = YES;
				CLANG_WARN__DUPLICATE_METHOD_MATCH = YES;
				COPY_PHASE_STRIP = NO;
				DEBUG_INFORMATION_FORMAT = "dwarf-with-dsym";
				ENABLE_NS_ASSERTIONS = NO;
				ENABLE_STRICT_OBJC_MSGSEND = YES;
				GCC_C_LANGUAGE_STANDARD = gnu11;
				GCC_NO_COMMON_BLOCKS = YES;
				GCC_WARN_64_TO_32_BIT_CONVERSION = YES;
				GCC_WARN_ABOUT_RETURN_TYPE = YES_ERROR;
				GCC_WARN_UNDECLARED_SELECTOR = YES;
				GCC_WARN_UNINITIALIZED_AUTOS = YES_AGGRESSIVE;
				GCC_WARN_UNUSED_FUNCTION = YES;
				GCC_WARN_UNUSED_VARIABLE = YES;
				IPHONEOS_DEPLOYMENT_TARGET = 16.2;
				MTL_ENABLE_DEBUG_INFO = NO;
				MTL_FAST_MATH = YES;
				SDKROOT = iphoneos;
				SWIFT_COMPILATION_MODE = wholemodule;
				SWIFT_OPTIMIZATION_LEVEL = "-O";
				VALIDATE_PRODUCT = YES;
			};
			name = Release;
		};
		FC5BAF3529C8D21A000813BB /* Debug */ = {
			isa = XCBuildConfiguration;
			buildSettings = {
				ASSETCATALOG_COMPILER_APPICON_NAME = AppIcon;
				ASSETCATALOG_COMPILER_GLOBAL_ACCENT_COLOR_NAME = AccentColor;
				CODE_SIGN_STYLE = Automatic;
				CURRENT_PROJECT_VERSION = 1;
				GENERATE_INFOPLIST_FILE = YES;
				INFOPLIST_FILE = Habits/Info.plist;
				INFOPLIST_KEY_UIApplicationSupportsIndirectInputEvents = YES;
				INFOPLIST_KEY_UILaunchStoryboardName = LaunchScreen;
				INFOPLIST_KEY_UIMainStoryboardFile = Main;
				INFOPLIST_KEY_UISupportedInterfaceOrientations_iPad = "UIInterfaceOrientationPortrait UIInterfaceOrientationPortraitUpsideDown UIInterfaceOrientationLandscapeLeft UIInterfaceOrientationLandscapeRight";
				INFOPLIST_KEY_UISupportedInterfaceOrientations_iPhone = "UIInterfaceOrientationPortrait UIInterfaceOrientationLandscapeLeft UIInterfaceOrientationLandscapeRight";
				LD_RUNPATH_SEARCH_PATHS = (
					"$(inherited)",
					"@executable_path/Frameworks",
				);
				MARKETING_VERSION = 1.0;
				PRODUCT_BUNDLE_IDENTIFIER = xyz.dongguo.Habits;
				PRODUCT_NAME = "$(TARGET_NAME)";
				SWIFT_EMIT_LOC_STRINGS = YES;
				SWIFT_VERSION = 5.0;
				TARGETED_DEVICE_FAMILY = "1,2";
			};
			name = Debug;
		};
		FC5BAF3629C8D21A000813BB /* Release */ = {
			isa = XCBuildConfiguration;
			buildSettings = {
				ASSETCATALOG_COMPILER_APPICON_NAME = AppIcon;
				ASSETCATALOG_COMPILER_GLOBAL_ACCENT_COLOR_NAME = AccentColor;
				CODE_SIGN_STYLE = Automatic;
				CURRENT_PROJECT_VERSION = 1;
				GENERATE_INFOPLIST_FILE = YES;
				INFOPLIST_FILE = Habits/Info.plist;
				INFOPLIST_KEY_UIApplicationSupportsIndirectInputEvents = YES;
				INFOPLIST_KEY_UILaunchStoryboardName = LaunchScreen;
				INFOPLIST_KEY_UIMainStoryboardFile = Main;
				INFOPLIST_KEY_UISupportedInterfaceOrientations_iPad = "UIInterfaceOrientationPortrait UIInterfaceOrientationPortraitUpsideDown UIInterfaceOrientationLandscapeLeft UIInterfaceOrientationLandscapeRight";
				INFOPLIST_KEY_UISupportedInterfaceOrientations_iPhone = "UIInterfaceOrientationPortrait UIInterfaceOrientationLandscapeLeft UIInterfaceOrientationLandscapeRight";
				LD_RUNPATH_SEARCH_PATHS = (
					"$(inherited)",
					"@executable_path/Frameworks",
				);
				MARKETING_VERSION = 1.0;
				PRODUCT_BUNDLE_IDENTIFIER = xyz.dongguo.Habits;
				PRODUCT_NAME = "$(TARGET_NAME)";
				SWIFT_EMIT_LOC_STRINGS = YES;
				SWIFT_VERSION = 5.0;
				TARGETED_DEVICE_FAMILY = "1,2";
			};
			name = Release;
		};
/* End XCBuildConfiguration section */

/* Begin XCConfigurationList section */
		FC5BAF1B29C8D218000813BB /* Build configuration list for PBXProject "Habits" */ = {
			isa = XCConfigurationList;
			buildConfigurations = (
				FC5BAF3229C8D21A000813BB /* Debug */,
				FC5BAF3329C8D21A000813BB /* Release */,
			);
			defaultConfigurationIsVisible = 0;
			defaultConfigurationName = Release;
		};
		FC5BAF3429C8D21A000813BB /* Build configuration list for PBXNativeTarget "Habits" */ = {
			isa = XCConfigurationList;
			buildConfigurations = (
				FC5BAF3529C8D21A000813BB /* Debug */,
				FC5BAF3629C8D21A000813BB /* Release */,
			);
			defaultConfigurationIsVisible = 0;
			defaultConfigurationName = Release;
		};
/* End XCConfigurationList section */
	};
	rootObject = FC5BAF1829C8D218000813BB /* Project object */;
}
