// !$*UTF8*$!
{
	archiveVersion = 1;
	classes = {
	};
	objectVersion = 56;
	objects = {

/* Begin PBXBuildFile section */
		63CABE5529CB8A3A00865FA7 /* AppDelegate.swift in Sources */ = {isa = PBXBuildFile; fileRef = 63CABE5429CB8A3A00865FA7 /* AppDelegate.swift */; };
		63CABE5729CB8A3A00865FA7 /* SceneDelegate.swift in Sources */ = {isa = PBXBuildFile; fileRef = 63CABE5629CB8A3A00865FA7 /* SceneDelegate.swift */; };
		63CABE5C29CB8A3A00865FA7 /* Main.storyboard in Resources */ = {isa = PBXBuildFile; fileRef = 63CABE5A29CB8A3A00865FA7 /* Main.storyboard */; };
		63CABE5E29CB8A3B00865FA7 /* Assets.xcassets in Resources */ = {isa = PBXBuildFile; fileRef = 63CABE5D29CB8A3B00865FA7 /* Assets.xcassets */; };
		63CABE6129CB8A3B00865FA7 /* LaunchScreen.storyboard in Resources */ = {isa = PBXBuildFile; fileRef = 63CABE5F29CB8A3B00865FA7 /* LaunchScreen.storyboard */; };
		63CABE6A29CB8E3300865FA7 /* MediaModel.swift in Sources */ = {isa = PBXBuildFile; fileRef = 63CABE6929CB8E3300865FA7 /* MediaModel.swift */; };
		63CABE6C29CB8FAF00865FA7 /* MainTableViewController.swift in Sources */ = {isa = PBXBuildFile; fileRef = 63CABE6B29CB8FAF00865FA7 /* MainTableViewController.swift */; };
		63CABE6E29CB91A200865FA7 /* Cell.swift in Sources */ = {isa = PBXBuildFile; fileRef = 63CABE6D29CB91A200865FA7 /* Cell.swift */; };
		63D1283729CCD88200B0048F /* AddEditMediaViewController.swift in Sources */ = {isa = PBXBuildFile; fileRef = 63D1283629CCD88200B0048F /* AddEditMediaViewController.swift */; };
/* End PBXBuildFile section */

/* Begin PBXFileReference section */
		63CABE5129CB8A3A00865FA7 /* Dongguo.app */ = {isa = PBXFileReference; explicitFileType = wrapper.application; includeInIndex = 0; path = Dongguo.app; sourceTree = BUILT_PRODUCTS_DIR; };
		63CABE5429CB8A3A00865FA7 /* AppDelegate.swift */ = {isa = PBXFileReference; lastKnownFileType = sourcecode.swift; path = AppDelegate.swift; sourceTree = "<group>"; };
		63CABE5629CB8A3A00865FA7 /* SceneDelegate.swift */ = {isa = PBXFileReference; lastKnownFileType = sourcecode.swift; path = SceneDelegate.swift; sourceTree = "<group>"; };
		63CABE5B29CB8A3A00865FA7 /* Base */ = {isa = PBXFileReference; lastKnownFileType = file.storyboard; name = Base; path = Base.lproj/Main.storyboard; sourceTree = "<group>"; };
		63CABE5D29CB8A3B00865FA7 /* Assets.xcassets */ = {isa = PBXFileReference; lastKnownFileType = folder.assetcatalog; path = Assets.xcassets; sourceTree = "<group>"; };
		63CABE6029CB8A3B00865FA7 /* Base */ = {isa = PBXFileReference; lastKnownFileType = file.storyboard; name = Base; path = Base.lproj/LaunchScreen.storyboard; sourceTree = "<group>"; };
		63CABE6229CB8A3B00865FA7 /* Info.plist */ = {isa = PBXFileReference; lastKnownFileType = text.plist.xml; path = Info.plist; sourceTree = "<group>"; };
		63CABE6929CB8E3300865FA7 /* MediaModel.swift */ = {isa = PBXFileReference; lastKnownFileType = sourcecode.swift; path = MediaModel.swift; sourceTree = "<group>"; };
		63CABE6B29CB8FAF00865FA7 /* MainTableViewController.swift */ = {isa = PBXFileReference; lastKnownFileType = sourcecode.swift; path = MainTableViewController.swift; sourceTree = "<group>"; };
		63CABE6D29CB91A200865FA7 /* Cell.swift */ = {isa = PBXFileReference; lastKnownFileType = sourcecode.swift; path = Cell.swift; sourceTree = "<group>"; };
		63D1283629CCD88200B0048F /* AddEditMediaViewController.swift */ = {isa = PBXFileReference; lastKnownFileType = sourcecode.swift; path = AddEditMediaViewController.swift; sourceTree = "<group>"; };
/* End PBXFileReference section */

/* Begin PBXFrameworksBuildPhase section */
		63CABE4E29CB8A3A00865FA7 /* Frameworks */ = {
			isa = PBXFrameworksBuildPhase;
			buildActionMask = 2147483647;
			files = (
			);
			runOnlyForDeploymentPostprocessing = 0;
		};
/* End PBXFrameworksBuildPhase section */

/* Begin PBXGroup section */
		63CABE4829CB8A3A00865FA7 = {
			isa = PBXGroup;
			children = (
				63CABE5329CB8A3A00865FA7 /* Dongguo */,
				63CABE5229CB8A3A00865FA7 /* Products */,
			);
			sourceTree = "<group>";
		};
		63CABE5229CB8A3A00865FA7 /* Products */ = {
			isa = PBXGroup;
			children = (
				63CABE5129CB8A3A00865FA7 /* Dongguo.app */,
			);
			name = Products;
			sourceTree = "<group>";
		};
		63CABE5329CB8A3A00865FA7 /* Dongguo */ = {
			isa = PBXGroup;
			children = (
				63CABE6829CB8A4A00865FA7 /* Model */,
				63CABE5429CB8A3A00865FA7 /* AppDelegate.swift */,
				63CABE5629CB8A3A00865FA7 /* SceneDelegate.swift */,
				63CABE5A29CB8A3A00865FA7 /* Main.storyboard */,
				63CABE5D29CB8A3B00865FA7 /* Assets.xcassets */,
				63CABE5F29CB8A3B00865FA7 /* LaunchScreen.storyboard */,
				63CABE6229CB8A3B00865FA7 /* Info.plist */,
				63CABE6B29CB8FAF00865FA7 /* MainTableViewController.swift */,
				63D1283629CCD88200B0048F /* AddEditMediaViewController.swift */,
				63CABE6D29CB91A200865FA7 /* Cell.swift */,
			);
			path = Dongguo;
			sourceTree = "<group>";
		};
		63CABE6829CB8A4A00865FA7 /* Model */ = {
			isa = PBXGroup;
			children = (
				63CABE6929CB8E3300865FA7 /* MediaModel.swift */,
			);
			path = Model;
			sourceTree = "<group>";
		};
/* End PBXGroup section */

/* Begin PBXNativeTarget section */
		63CABE5029CB8A3A00865FA7 /* Dongguo */ = {
			isa = PBXNativeTarget;
			buildConfigurationList = 63CABE6529CB8A3B00865FA7 /* Build configuration list for PBXNativeTarget "Dongguo" */;
			buildPhases = (
				63CABE4D29CB8A3A00865FA7 /* Sources */,
				63CABE4E29CB8A3A00865FA7 /* Frameworks */,
				63CABE4F29CB8A3A00865FA7 /* Resources */,
			);
			buildRules = (
			);
			dependencies = (
			);
			name = Dongguo;
			productName = Dongguo;
			productReference = 63CABE5129CB8A3A00865FA7 /* Dongguo.app */;
			productType = "com.apple.product-type.application";
		};
/* End PBXNativeTarget section */

/* Begin PBXProject section */
		63CABE4929CB8A3A00865FA7 /* Project object */ = {
			isa = PBXProject;
			attributes = {
				BuildIndependentTargetsInParallel = 1;
				LastSwiftUpdateCheck = 1420;
				LastUpgradeCheck = 1420;
				TargetAttributes = {
					63CABE5029CB8A3A00865FA7 = {
						CreatedOnToolsVersion = 14.2;
					};
				};
			};
			buildConfigurationList = 63CABE4C29CB8A3A00865FA7 /* Build configuration list for PBXProject "Dongguo" */;
			compatibilityVersion = "Xcode 14.0";
			developmentRegion = en;
			hasScannedForEncodings = 0;
			knownRegions = (
				en,
				Base,
			);
			mainGroup = 63CABE4829CB8A3A00865FA7;
			productRefGroup = 63CABE5229CB8A3A00865FA7 /* Products */;
			projectDirPath = "";
			projectRoot = "";
			targets = (
				63CABE5029CB8A3A00865FA7 /* Dongguo */,
			);
		};
/* End PBXProject section */

/* Begin PBXResourcesBuildPhase section */
		63CABE4F29CB8A3A00865FA7 /* Resources */ = {
			isa = PBXResourcesBuildPhase;
			buildActionMask = 2147483647;
			files = (
				63CABE6129CB8A3B00865FA7 /* LaunchScreen.storyboard in Resources */,
				63CABE5E29CB8A3B00865FA7 /* Assets.xcassets in Resources */,
				63CABE5C29CB8A3A00865FA7 /* Main.storyboard in Resources */,
			);
			runOnlyForDeploymentPostprocessing = 0;
		};
/* End PBXResourcesBuildPhase section */

/* Begin PBXSourcesBuildPhase section */
		63CABE4D29CB8A3A00865FA7 /* Sources */ = {
			isa = PBXSourcesBuildPhase;
			buildActionMask = 2147483647;
			files = (
				63D1283729CCD88200B0048F /* AddEditMediaViewController.swift in Sources */,
				63CABE6A29CB8E3300865FA7 /* MediaModel.swift in Sources */,
				63CABE5529CB8A3A00865FA7 /* AppDelegate.swift in Sources */,
				63CABE6C29CB8FAF00865FA7 /* MainTableViewController.swift in Sources */,
				63CABE5729CB8A3A00865FA7 /* SceneDelegate.swift in Sources */,
				63CABE6E29CB91A200865FA7 /* Cell.swift in Sources */,
			);
			runOnlyForDeploymentPostprocessing = 0;
		};
/* End PBXSourcesBuildPhase section */

/* Begin PBXVariantGroup section */
		63CABE5A29CB8A3A00865FA7 /* Main.storyboard */ = {
			isa = PBXVariantGroup;
			children = (
				63CABE5B29CB8A3A00865FA7 /* Base */,
			);
			name = Main.storyboard;
			sourceTree = "<group>";
		};
		63CABE5F29CB8A3B00865FA7 /* LaunchScreen.storyboard */ = {
			isa = PBXVariantGroup;
			children = (
				63CABE6029CB8A3B00865FA7 /* Base */,
			);
			name = LaunchScreen.storyboard;
			sourceTree = "<group>";
		};
/* End PBXVariantGroup section */

/* Begin XCBuildConfiguration section */
		63CABE6329CB8A3B00865FA7 /* Debug */ = {
			isa = XCBuildConfiguration;
			buildSettings = {
				ALWAYS_SEARCH_USER_PATHS = NO;
				CLANG_ANALYZER_NONNULL = YES;
				CLANG_ANALYZER_NUMBER_OBJECT_CONVERSION = YES_AGGRESSIVE;
				CLANG_CXX_LANGUAGE_STANDARD = "gnu++20";
				CLANG_ENABLE_MODULES = YES;
				CLANG_ENABLE_OBJC_ARC = YES;
				CLANG_ENABLE_OBJC_WEAK = YES;
				CLANG_WARN_BLOCK_CAPTURE_AUTORELEASING = YES;
				CLANG_WARN_BOOL_CONVERSION = YES;
				CLANG_WARN_COMMA = YES;
				CLANG_WARN_CONSTANT_CONVERSION = YES;
				CLANG_WARN_DEPRECATED_OBJC_IMPLEMENTATIONS = YES;
				CLANG_WARN_DIRECT_OBJC_ISA_USAGE = YES_ERROR;
				CLANG_WARN_DOCUMENTATION_COMMENTS = YES;
				CLANG_WARN_EMPTY_BODY = YES;
				CLANG_WARN_ENUM_CONVERSION = YES;
				CLANG_WARN_INFINITE_RECURSION = YES;
				CLANG_WARN_INT_CONVERSION = YES;
				CLANG_WARN_NON_LITERAL_NULL_CONVERSION = YES;
				CLANG_WARN_OBJC_IMPLICIT_RETAIN_SELF = YES;
				CLANG_WARN_OBJC_LITERAL_CONVERSION = YES;
				CLANG_WARN_OBJC_ROOT_CLASS = YES_ERROR;
				CLANG_WARN_QUOTED_INCLUDE_IN_FRAMEWORK_HEADER = YES;
				CLANG_WARN_RANGE_LOOP_ANALYSIS = YES;
				CLANG_WARN_STRICT_PROTOTYPES = YES;
				CLANG_WARN_SUSPICIOUS_MOVE = YES;
				CLANG_WARN_UNGUARDED_AVAILABILITY = YES_AGGRESSIVE;
				CLANG_WARN_UNREACHABLE_CODE = YES;
				CLANG_WARN__DUPLICATE_METHOD_MATCH = YES;
				COPY_PHASE_STRIP = NO;
				DEBUG_INFORMATION_FORMAT = dwarf;
				ENABLE_STRICT_OBJC_MSGSEND = YES;
				ENABLE_TESTABILITY = YES;
				GCC_C_LANGUAGE_STANDARD = gnu11;
				GCC_DYNAMIC_NO_PIC = NO;
				GCC_NO_COMMON_BLOCKS = YES;
				GCC_OPTIMIZATION_LEVEL = 0;
				GCC_PREPROCESSOR_DEFINITIONS = (
					"DEBUG=1",
					"$(inherited)",
				);
				GCC_WARN_64_TO_32_BIT_CONVERSION = YES;
				GCC_WARN_ABOUT_RETURN_TYPE = YES_ERROR;
				GCC_WARN_UNDECLARED_SELECTOR = YES;
				GCC_WARN_UNINITIALIZED_AUTOS = YES_AGGRESSIVE;
				GCC_WARN_UNUSED_FUNCTION = YES;
				GCC_WARN_UNUSED_VARIABLE = YES;
				IPHONEOS_DEPLOYMENT_TARGET = 16.2;
				MTL_ENABLE_DEBUG_INFO = INCLUDE_SOURCE;
				MTL_FAST_MATH = YES;
				ONLY_ACTIVE_ARCH = YES;
				SDKROOT = iphoneos;
				SWIFT_ACTIVE_COMPILATION_CONDITIONS = DEBUG;
				SWIFT_OPTIMIZATION_LEVEL = "-Onone";
			};
			name = Debug;
		};
		63CABE6429CB8A3B00865FA7 /* Release */ = {
			isa = XCBuildConfiguration;
			buildSettings = {
				ALWAYS_SEARCH_USER_PATHS = NO;
				CLANG_ANALYZER_NONNULL = YES;
				CLANG_ANALYZER_NUMBER_OBJECT_CONVERSION = YES_AGGRESSIVE;
				CLANG_CXX_LANGUAGE_STANDARD = "gnu++20";
				CLANG_ENABLE_MODULES = YES;
				CLANG_ENABLE_OBJC_ARC = YES;
				CLANG_ENABLE_OBJC_WEAK = YES;
				CLANG_WARN_BLOCK_CAPTURE_AUTORELEASING = YES;
				CLANG_WARN_BOOL_CONVERSION = YES;
				CLANG_WARN_COMMA = YES;
				CLANG_WARN_CONSTANT_CONVERSION = YES;
				CLANG_WARN_DEPRECATED_OBJC_IMPLEMENTATIONS = YES;
				CLANG_WARN_DIRECT_OBJC_ISA_USAGE = YES_ERROR;
				CLANG_WARN_DOCUMENTATION_COMMENTS = YES;
				CLANG_WARN_EMPTY_BODY = YES;
				CLANG_WARN_ENUM_CONVERSION = YES;
				CLANG_WARN_INFINITE_RECURSION = YES;
				CLANG_WARN_INT_CONVERSION = YES;
				CLANG_WARN_NON_LITERAL_NULL_CONVERSION = YES;
				CLANG_WARN_OBJC_IMPLICIT_RETAIN_SELF = YES;
				CLANG_WARN_OBJC_LITERAL_CONVERSION = YES;
				CLANG_WARN_OBJC_ROOT_CLASS = YES_ERROR;
				CLANG_WARN_QUOTED_INCLUDE_IN_FRAMEWORK_HEADER = YES;
				CLANG_WARN_RANGE_LOOP_ANALYSIS = YES;
				CLANG_WARN_STRICT_PROTOTYPES = YES;
				CLANG_WARN_SUSPICIOUS_MOVE = YES;
				CLANG_WARN_UNGUARDED_AVAILABILITY = YES_AGGRESSIVE;
				CLANG_WARN_UNREACHABLE_CODE = YES;
				CLANG_WARN__DUPLICATE_METHOD_MATCH = YES;
				COPY_PHASE_STRIP = NO;
				DEBUG_INFORMATION_FORMAT = "dwarf-with-dsym";
				ENABLE_NS_ASSERTIONS = NO;
				ENABLE_STRICT_OBJC_MSGSEND = YES;
				GCC_C_LANGUAGE_STANDARD = gnu11;
				GCC_NO_COMMON_BLOCKS = YES;
				GCC_WARN_64_TO_32_BIT_CONVERSION = YES;
				GCC_WARN_ABOUT_RETURN_TYPE = YES_ERROR;
				GCC_WARN_UNDECLARED_SELECTOR = YES;
				GCC_WARN_UNINITIALIZED_AUTOS = YES_AGGRESSIVE;
				GCC_WARN_UNUSED_FUNCTION = YES;
				GCC_WARN_UNUSED_VARIABLE = YES;
				IPHONEOS_DEPLOYMENT_TARGET = 16.2;
				MTL_ENABLE_DEBUG_INFO = NO;
				MTL_FAST_MATH = YES;
				SDKROOT = iphoneos;
				SWIFT_COMPILATION_MODE = wholemodule;
				SWIFT_OPTIMIZATION_LEVEL = "-O";
				VALIDATE_PRODUCT = YES;
			};
			name = Release;
		};
		63CABE6629CB8A3B00865FA7 /* Debug */ = {
			isa = XCBuildConfiguration;
			buildSettings = {
				ASSETCATALOG_COMPILER_APPICON_NAME = AppIcon;
				ASSETCATALOG_COMPILER_GLOBAL_ACCENT_COLOR_NAME = AccentColor;
				CODE_SIGN_STYLE = Automatic;
				CURRENT_PROJECT_VERSION = 1;
				GENERATE_INFOPLIST_FILE = YES;
				INFOPLIST_FILE = Dongguo/Info.plist;
				INFOPLIST_KEY_UIApplicationSupportsIndirectInputEvents = YES;
				INFOPLIST_KEY_UILaunchStoryboardName = LaunchScreen;
				INFOPLIST_KEY_UIMainStoryboardFile = Main;
				INFOPLIST_KEY_UISupportedInterfaceOrientations_iPad = "UIInterfaceOrientationPortrait UIInterfaceOrientationPortraitUpsideDown UIInterfaceOrientationLandscapeLeft UIInterfaceOrientationLandscapeRight";
				INFOPLIST_KEY_UISupportedInterfaceOrientations_iPhone = "UIInterfaceOrientationPortrait UIInterfaceOrientationLandscapeLeft UIInterfaceOrientationLandscapeRight";
				IPHONEOS_DEPLOYMENT_TARGET = 15.0;
				LD_RUNPATH_SEARCH_PATHS = (
					"$(inherited)",
					"@executable_path/Frameworks",
				);
				MARKETING_VERSION = 1.0;
				PRODUCT_BUNDLE_IDENTIFIER = xyz.dongguo.Dongguo;
				PRODUCT_NAME = "$(TARGET_NAME)";
				SUPPORTED_PLATFORMS = "iphoneos iphonesimulator";
				SUPPORTS_MACCATALYST = NO;
				SUPPORTS_MAC_DESIGNED_FOR_IPHONE_IPAD = NO;
				SWIFT_EMIT_LOC_STRINGS = YES;
				SWIFT_VERSION = 5.0;
				TARGETED_DEVICE_FAMILY = "1,2";
			};
			name = Debug;
		};
		63CABE6729CB8A3B00865FA7 /* Release */ = {
			isa = XCBuildConfiguration;
			buildSettings = {
				ASSETCATALOG_COMPILER_APPICON_NAME = AppIcon;
				ASSETCATALOG_COMPILER_GLOBAL_ACCENT_COLOR_NAME = AccentColor;
				CODE_SIGN_STYLE = Automatic;
				CURRENT_PROJECT_VERSION = 1;
				GENERATE_INFOPLIST_FILE = YES;
				INFOPLIST_FILE = Dongguo/Info.plist;
				INFOPLIST_KEY_UIApplicationSupportsIndirectInputEvents = YES;
				INFOPLIST_KEY_UILaunchStoryboardName = LaunchScreen;
				INFOPLIST_KEY_UIMainStoryboardFile = Main;
				INFOPLIST_KEY_UISupportedInterfaceOrientations_iPad = "UIInterfaceOrientationPortrait UIInterfaceOrientationPortraitUpsideDown UIInterfaceOrientationLandscapeLeft UIInterfaceOrientationLandscapeRight";
				INFOPLIST_KEY_UISupportedInterfaceOrientations_iPhone = "UIInterfaceOrientationPortrait UIInterfaceOrientationLandscapeLeft UIInterfaceOrientationLandscapeRight";
				IPHONEOS_DEPLOYMENT_TARGET = 15.0;
				LD_RUNPATH_SEARCH_PATHS = (
					"$(inherited)",
					"@executable_path/Frameworks",
				);
				MARKETING_VERSION = 1.0;
				PRODUCT_BUNDLE_IDENTIFIER = xyz.dongguo.Dongguo;
				PRODUCT_NAME = "$(TARGET_NAME)";
				SUPPORTED_PLATFORMS = "iphoneos iphonesimulator";
				SUPPORTS_MACCATALYST = NO;
				SUPPORTS_MAC_DESIGNED_FOR_IPHONE_IPAD = NO;
				SWIFT_EMIT_LOC_STRINGS = YES;
				SWIFT_VERSION = 5.0;
				TARGETED_DEVICE_FAMILY = "1,2";
			};
			name = Release;
		};
/* End XCBuildConfiguration section */

/* Begin XCConfigurationList section */
		63CABE4C29CB8A3A00865FA7 /* Build configuration list for PBXProject "Dongguo" */ = {
			isa = XCConfigurationList;
			buildConfigurations = (
				63CABE6329CB8A3B00865FA7 /* Debug */,
				63CABE6429CB8A3B00865FA7 /* Release */,
			);
			defaultConfigurationIsVisible = 0;
			defaultConfigurationName = Release;
		};
		63CABE6529CB8A3B00865FA7 /* Build configuration list for PBXNativeTarget "Dongguo" */ = {
			isa = XCConfigurationList;
			buildConfigurations = (
				63CABE6629CB8A3B00865FA7 /* Debug */,
				63CABE6729CB8A3B00865FA7 /* Release */,
			);
			defaultConfigurationIsVisible = 0;
			defaultConfigurationName = Release;
		};
/* End XCConfigurationList section */
	};
	rootObject = 63CABE4929CB8A3A00865FA7 /* Project object */;
}
