// !$*UTF8*$!
{
	archiveVersion = 1;
	classes = {
	};
	objectVersion = 56;
	objects = {

/* Begin PBXBuildFile section */
		FCE8001429C107020022F42E /* delete.swift in Sources */ = {isa = PBXBuildFile; fileRef = FCE8001329C107020022F42E /* delete.swift */; };
		FCE8FFB829C0B0C00022F42E /* AppDelegate.swift in Sources */ = {isa = PBXBuildFile; fileRef = FCE8FFB729C0B0C00022F42E /* AppDelegate.swift */; };
		FCE8FFBA29C0B0C00022F42E /* SceneDelegate.swift in Sources */ = {isa = PBXBuildFile; fileRef = FCE8FFB929C0B0C00022F42E /* SceneDelegate.swift */; };
		FCE8FFBC29C0B0C00022F42E /* MainViewController.swift in Sources */ = {isa = PBXBuildFile; fileRef = FCE8FFBB29C0B0C00022F42E /* MainViewController.swift */; };
		FCE8FFBF29C0B0C00022F42E /* Main.storyboard in Resources */ = {isa = PBXBuildFile; fileRef = FCE8FFBD29C0B0C00022F42E /* Main.storyboard */; };
		FCE8FFC129C0B0C30022F42E /* Assets.xcassets in Resources */ = {isa = PBXBuildFile; fileRef = FCE8FFC029C0B0C30022F42E /* Assets.xcassets */; };
		FCE8FFC429C0B0C30022F42E /* LaunchScreen.storyboard in Resources */ = {isa = PBXBuildFile; fileRef = FCE8FFC229C0B0C30022F42E /* LaunchScreen.storyboard */; };
		FCE8FFCC29C0B1650022F42E /* GreenViewController.swift in Sources */ = {isa = PBXBuildFile; fileRef = FCE8FFCB29C0B1650022F42E /* GreenViewController.swift */; };
		FCE8FFCE29C0B1A30022F42E /* YellowViewController.swift in Sources */ = {isa = PBXBuildFile; fileRef = FCE8FFCD29C0B1A30022F42E /* YellowViewController.swift */; };
		FCE8FFD029C0B1B80022F42E /* OrangeViewController.swift in Sources */ = {isa = PBXBuildFile; fileRef = FCE8FFCF29C0B1B80022F42E /* OrangeViewController.swift */; };
/* End PBXBuildFile section */

/* Begin PBXFileReference section */
		FCE8001329C107020022F42E /* delete.swift */ = {isa = PBXFileReference; lastKnownFileType = sourcecode.swift; path = delete.swift; sourceTree = "<group>"; };
		FCE8FFB429C0B0C00022F42E /* SegueDongguo.app */ = {isa = PBXFileReference; explicitFileType = wrapper.application; includeInIndex = 0; path = SegueDongguo.app; sourceTree = BUILT_PRODUCTS_DIR; };
		FCE8FFB729C0B0C00022F42E /* AppDelegate.swift */ = {isa = PBXFileReference; lastKnownFileType = sourcecode.swift; path = AppDelegate.swift; sourceTree = "<group>"; };
		FCE8FFB929C0B0C00022F42E /* SceneDelegate.swift */ = {isa = PBXFileReference; lastKnownFileType = sourcecode.swift; path = SceneDelegate.swift; sourceTree = "<group>"; };
		FCE8FFBB29C0B0C00022F42E /* MainViewController.swift */ = {isa = PBXFileReference; lastKnownFileType = sourcecode.swift; path = MainViewController.swift; sourceTree = "<group>"; };
		FCE8FFBE29C0B0C00022F42E /* Base */ = {isa = PBXFileReference; lastKnownFileType = file.storyboard; name = Base; path = Base.lproj/Main.storyboard; sourceTree = "<group>"; };
		FCE8FFC029C0B0C30022F42E /* Assets.xcassets */ = {isa = PBXFileReference; lastKnownFileType = folder.assetcatalog; path = Assets.xcassets; sourceTree = "<group>"; };
		FCE8FFC329C0B0C30022F42E /* Base */ = {isa = PBXFileReference; lastKnownFileType = file.storyboard; name = Base; path = Base.lproj/LaunchScreen.storyboard; sourceTree = "<group>"; };
		FCE8FFC529C0B0C30022F42E /* Info.plist */ = {isa = PBXFileReference; lastKnownFileType = text.plist.xml; path = Info.plist; sourceTree = "<group>"; };
		FCE8FFCB29C0B1650022F42E /* GreenViewController.swift */ = {isa = PBXFileReference; lastKnownFileType = sourcecode.swift; path = GreenViewController.swift; sourceTree = "<group>"; };
		FCE8FFCD29C0B1A30022F42E /* YellowViewController.swift */ = {isa = PBXFileReference; lastKnownFileType = sourcecode.swift; path = YellowViewController.swift; sourceTree = "<group>"; };
		FCE8FFCF29C0B1B80022F42E /* OrangeViewController.swift */ = {isa = PBXFileReference; lastKnownFileType = sourcecode.swift; path = OrangeViewController.swift; sourceTree = "<group>"; };
/* End PBXFileReference section */

/* Begin PBXFrameworksBuildPhase section */
		FCE8FFB129C0B0C00022F42E /* Frameworks */ = {
			isa = PBXFrameworksBuildPhase;
			buildActionMask = 2147483647;
			files = (
			);
			runOnlyForDeploymentPostprocessing = 0;
		};
/* End PBXFrameworksBuildPhase section */

/* Begin PBXGroup section */
		FCE8FFAB29C0B0C00022F42E = {
			isa = PBXGroup;
			children = (
				FCE8FFB629C0B0C00022F42E /* SegueDongguo */,
				FCE8FFB529C0B0C00022F42E /* Products */,
			);
			sourceTree = "<group>";
		};
		FCE8FFB529C0B0C00022F42E /* Products */ = {
			isa = PBXGroup;
			children = (
				FCE8FFB429C0B0C00022F42E /* SegueDongguo.app */,
			);
			name = Products;
			sourceTree = "<group>";
		};
		FCE8FFB629C0B0C00022F42E /* SegueDongguo */ = {
			isa = PBXGroup;
			children = (
				FCE8FFCB29C0B1650022F42E /* GreenViewController.swift */,
				FCE8FFB729C0B0C00022F42E /* AppDelegate.swift */,
				FCE8FFB929C0B0C00022F42E /* SceneDelegate.swift */,
				FCE8FFBB29C0B0C00022F42E /* MainViewController.swift */,
				FCE8001329C107020022F42E /* delete.swift */,
				FCE8FFCD29C0B1A30022F42E /* YellowViewController.swift */,
				FCE8FFCF29C0B1B80022F42E /* OrangeViewController.swift */,
				FCE8FFBD29C0B0C00022F42E /* Main.storyboard */,
				FCE8FFC029C0B0C30022F42E /* Assets.xcassets */,
				FCE8FFC229C0B0C30022F42E /* LaunchScreen.storyboard */,
				FCE8FFC529C0B0C30022F42E /* Info.plist */,
			);
			path = SegueDongguo;
			sourceTree = "<group>";
		};
/* End PBXGroup section */

/* Begin PBXNativeTarget section */
		FCE8FFB329C0B0C00022F42E /* SegueDongguo */ = {
			isa = PBXNativeTarget;
			buildConfigurationList = FCE8FFC829C0B0C30022F42E /* Build configuration list for PBXNativeTarget "SegueDongguo" */;
			buildPhases = (
				FCE8FFB029C0B0C00022F42E /* Sources */,
				FCE8FFB129C0B0C00022F42E /* Frameworks */,
				FCE8FFB229C0B0C00022F42E /* Resources */,
			);
			buildRules = (
			);
			dependencies = (
			);
			name = SegueDongguo;
			productName = SegueDongguo;
			productReference = FCE8FFB429C0B0C00022F42E /* SegueDongguo.app */;
			productType = "com.apple.product-type.application";
		};
/* End PBXNativeTarget section */

/* Begin PBXProject section */
		FCE8FFAC29C0B0C00022F42E /* Project object */ = {
			isa = PBXProject;
			attributes = {
				BuildIndependentTargetsInParallel = 1;
				LastSwiftUpdateCheck = 1420;
				LastUpgradeCheck = 1420;
				TargetAttributes = {
					FCE8FFB329C0B0C00022F42E = {
						CreatedOnToolsVersion = 14.2;
					};
				};
			};
			buildConfigurationList = FCE8FFAF29C0B0C00022F42E /* Build configuration list for PBXProject "SegueDongguo" */;
			compatibilityVersion = "Xcode 14.0";
			developmentRegion = en;
			hasScannedForEncodings = 0;
			knownRegions = (
				en,
				Base,
			);
			mainGroup = FCE8FFAB29C0B0C00022F42E;
			productRefGroup = FCE8FFB529C0B0C00022F42E /* Products */;
			projectDirPath = "";
			projectRoot = "";
			targets = (
				FCE8FFB329C0B0C00022F42E /* SegueDongguo */,
			);
		};
/* End PBXProject section */

/* Begin PBXResourcesBuildPhase section */
		FCE8FFB229C0B0C00022F42E /* Resources */ = {
			isa = PBXResourcesBuildPhase;
			buildActionMask = 2147483647;
			files = (
				FCE8FFC429C0B0C30022F42E /* LaunchScreen.storyboard in Resources */,
				FCE8FFC129C0B0C30022F42E /* Assets.xcassets in Resources */,
				FCE8FFBF29C0B0C00022F42E /* Main.storyboard in Resources */,
			);
			runOnlyForDeploymentPostprocessing = 0;
		};
/* End PBXResourcesBuildPhase section */

/* Begin PBXSourcesBuildPhase section */
		FCE8FFB029C0B0C00022F42E /* Sources */ = {
			isa = PBXSourcesBuildPhase;
			buildActionMask = 2147483647;
			files = (
				FCE8001429C107020022F42E /* delete.swift in Sources */,
				FCE8FFCC29C0B1650022F42E /* GreenViewController.swift in Sources */,
				FCE8FFBC29C0B0C00022F42E /* MainViewController.swift in Sources */,
				FCE8FFD029C0B1B80022F42E /* OrangeViewController.swift in Sources */,
				FCE8FFB829C0B0C00022F42E /* AppDelegate.swift in Sources */,
				FCE8FFBA29C0B0C00022F42E /* SceneDelegate.swift in Sources */,
				FCE8FFCE29C0B1A30022F42E /* YellowViewController.swift in Sources */,
			);
			runOnlyForDeploymentPostprocessing = 0;
		};
/* End PBXSourcesBuildPhase section */

/* Begin PBXVariantGroup section */
		FCE8FFBD29C0B0C00022F42E /* Main.storyboard */ = {
			isa = PBXVariantGroup;
			children = (
				FCE8FFBE29C0B0C00022F42E /* Base */,
			);
			name = Main.storyboard;
			sourceTree = "<group>";
		};
		FCE8FFC229C0B0C30022F42E /* LaunchScreen.storyboard */ = {
			isa = PBXVariantGroup;
			children = (
				FCE8FFC329C0B0C30022F42E /* Base */,
			);
			name = LaunchScreen.storyboard;
			sourceTree = "<group>";
		};
/* End PBXVariantGroup section */

/* Begin XCBuildConfiguration section */
		FCE8FFC629C0B0C30022F42E /* Debug */ = {
			isa = XCBuildConfiguration;
			buildSettings = {
				ALWAYS_SEARCH_USER_PATHS = NO;
				CLANG_ANALYZER_NONNULL = YES;
				CLANG_ANALYZER_NUMBER_OBJECT_CONVERSION = YES_AGGRESSIVE;
				CLANG_CXX_LANGUAGE_STANDARD = "gnu++20";
				CLANG_ENABLE_MODULES = YES;
				CLANG_ENABLE_OBJC_ARC = YES;
				CLANG_ENABLE_OBJC_WEAK = YES;
				CLANG_WARN_BLOCK_CAPTURE_AUTORELEASING = YES;
				CLANG_WARN_BOOL_CONVERSION = YES;
				CLANG_WARN_COMMA = YES;
				CLANG_WARN_CONSTANT_CONVERSION = YES;
				CLANG_WARN_DEPRECATED_OBJC_IMPLEMENTATIONS = YES;
				CLANG_WARN_DIRECT_OBJC_ISA_USAGE = YES_ERROR;
				CLANG_WARN_DOCUMENTATION_COMMENTS = YES;
				CLANG_WARN_EMPTY_BODY = YES;
				CLANG_WARN_ENUM_CONVERSION = YES;
				CLANG_WARN_INFINITE_RECURSION = YES;
				CLANG_WARN_INT_CONVERSION = YES;
				CLANG_WARN_NON_LITERAL_NULL_CONVERSION = YES;
				CLANG_WARN_OBJC_IMPLICIT_RETAIN_SELF = YES;
				CLANG_WARN_OBJC_LITERAL_CONVERSION = YES;
				CLANG_WARN_OBJC_ROOT_CLASS = YES_ERROR;
				CLANG_WARN_QUOTED_INCLUDE_IN_FRAMEWORK_HEADER = YES;
				CLANG_WARN_RANGE_LOOP_ANALYSIS = YES;
				CLANG_WARN_STRICT_PROTOTYPES = YES;
				CLANG_WARN_SUSPICIOUS_MOVE = YES;
				CLANG_WARN_UNGUARDED_AVAILABILITY = YES_AGGRESSIVE;
				CLANG_WARN_UNREACHABLE_CODE = YES;
				CLANG_WARN__DUPLICATE_METHOD_MATCH = YES;
				COPY_PHASE_STRIP = NO;
				DEBUG_INFORMATION_FORMAT = dwarf;
				ENABLE_STRICT_OBJC_MSGSEND = YES;
				ENABLE_TESTABILITY = YES;
				GCC_C_LANGUAGE_STANDARD = gnu11;
				GCC_DYNAMIC_NO_PIC = NO;
				GCC_NO_COMMON_BLOCKS = YES;
				GCC_OPTIMIZATION_LEVEL = 0;
				GCC_PREPROCESSOR_DEFINITIONS = (
					"DEBUG=1",
					"$(inherited)",
				);
				GCC_WARN_64_TO_32_BIT_CONVERSION = YES;
				GCC_WARN_ABOUT_RETURN_TYPE = YES_ERROR;
				GCC_WARN_UNDECLARED_SELECTOR = YES;
				GCC_WARN_UNINITIALIZED_AUTOS = YES_AGGRESSIVE;
				GCC_WARN_UNUSED_FUNCTION = YES;
				GCC_WARN_UNUSED_VARIABLE = YES;
				IPHONEOS_DEPLOYMENT_TARGET = 16.2;
				MTL_ENABLE_DEBUG_INFO = INCLUDE_SOURCE;
				MTL_FAST_MATH = YES;
				ONLY_ACTIVE_ARCH = YES;
				SDKROOT = iphoneos;
				SWIFT_ACTIVE_COMPILATION_CONDITIONS = DEBUG;
				SWIFT_OPTIMIZATION_LEVEL = "-Onone";
			};
			name = Debug;
		};
		FCE8FFC729C0B0C30022F42E /* Release */ = {
			isa = XCBuildConfiguration;
			buildSettings = {
				ALWAYS_SEARCH_USER_PATHS = NO;
				CLANG_ANALYZER_NONNULL = YES;
				CLANG_ANALYZER_NUMBER_OBJECT_CONVERSION = YES_AGGRESSIVE;
				CLANG_CXX_LANGUAGE_STANDARD = "gnu++20";
				CLANG_ENABLE_MODULES = YES;
				CLANG_ENABLE_OBJC_ARC = YES;
				CLANG_ENABLE_OBJC_WEAK = YES;
				CLANG_WARN_BLOCK_CAPTURE_AUTORELEASING = YES;
				CLANG_WARN_BOOL_CONVERSION = YES;
				CLANG_WARN_COMMA = YES;
				CLANG_WARN_CONSTANT_CONVERSION = YES;
				CLANG_WARN_DEPRECATED_OBJC_IMPLEMENTATIONS = YES;
				CLANG_WARN_DIRECT_OBJC_ISA_USAGE = YES_ERROR;
				CLANG_WARN_DOCUMENTATION_COMMENTS = YES;
				CLANG_WARN_EMPTY_BODY = YES;
				CLANG_WARN_ENUM_CONVERSION = YES;
				CLANG_WARN_INFINITE_RECURSION = YES;
				CLANG_WARN_INT_CONVERSION = YES;
				CLANG_WARN_NON_LITERAL_NULL_CONVERSION = YES;
				CLANG_WARN_OBJC_IMPLICIT_RETAIN_SELF = YES;
				CLANG_WARN_OBJC_LITERAL_CONVERSION = YES;
				CLANG_WARN_OBJC_ROOT_CLASS = YES_ERROR;
				CLANG_WARN_QUOTED_INCLUDE_IN_FRAMEWORK_HEADER = YES;
				CLANG_WARN_RANGE_LOOP_ANALYSIS = YES;
				CLANG_WARN_STRICT_PROTOTYPES = YES;
				CLANG_WARN_SUSPICIOUS_MOVE = YES;
				CLANG_WARN_UNGUARDED_AVAILABILITY = YES_AGGRESSIVE;
				CLANG_WARN_UNREACHABLE_CODE = YES;
				CLANG_WARN__DUPLICATE_METHOD_MATCH = YES;
				COPY_PHASE_STRIP = NO;
				DEBUG_INFORMATION_FORMAT = "dwarf-with-dsym";
				ENABLE_NS_ASSERTIONS = NO;
				ENABLE_STRICT_OBJC_MSGSEND = YES;
				GCC_C_LANGUAGE_STANDARD = gnu11;
				GCC_NO_COMMON_BLOCKS = YES;
				GCC_WARN_64_TO_32_BIT_CONVERSION = YES;
				GCC_WARN_ABOUT_RETURN_TYPE = YES_ERROR;
				GCC_WARN_UNDECLARED_SELECTOR = YES;
				GCC_WARN_UNINITIALIZED_AUTOS = YES_AGGRESSIVE;
				GCC_WARN_UNUSED_FUNCTION = YES;
				GCC_WARN_UNUSED_VARIABLE = YES;
				IPHONEOS_DEPLOYMENT_TARGET = 16.2;
				MTL_ENABLE_DEBUG_INFO = NO;
				MTL_FAST_MATH = YES;
				SDKROOT = iphoneos;
				SWIFT_COMPILATION_MODE = wholemodule;
				SWIFT_OPTIMIZATION_LEVEL = "-O";
				VALIDATE_PRODUCT = YES;
			};
			name = Release;
		};
		FCE8FFC929C0B0C30022F42E /* Debug */ = {
			isa = XCBuildConfiguration;
			buildSettings = {
				ASSETCATALOG_COMPILER_APPICON_NAME = AppIcon;
				ASSETCATALOG_COMPILER_GLOBAL_ACCENT_COLOR_NAME = AccentColor;
				CODE_SIGN_STYLE = Automatic;
				CURRENT_PROJECT_VERSION = 1;
				GENERATE_INFOPLIST_FILE = YES;
				INFOPLIST_FILE = SegueDongguo/Info.plist;
				INFOPLIST_KEY_UIApplicationSupportsIndirectInputEvents = YES;
				INFOPLIST_KEY_UILaunchStoryboardName = LaunchScreen;
				INFOPLIST_KEY_UIMainStoryboardFile = Main;
				INFOPLIST_KEY_UISupportedInterfaceOrientations_iPad = "UIInterfaceOrientationPortrait UIInterfaceOrientationPortraitUpsideDown UIInterfaceOrientationLandscapeLeft UIInterfaceOrientationLandscapeRight";
				INFOPLIST_KEY_UISupportedInterfaceOrientations_iPhone = "UIInterfaceOrientationPortrait UIInterfaceOrientationLandscapeLeft UIInterfaceOrientationLandscapeRight";
				IPHONEOS_DEPLOYMENT_TARGET = 15.0;
				LD_RUNPATH_SEARCH_PATHS = (
					"$(inherited)",
					"@executable_path/Frameworks",
				);
				MARKETING_VERSION = 1.0;
				PRODUCT_BUNDLE_IDENTIFIER = xyz.dongguo.SegueDongguo;
				PRODUCT_NAME = "$(TARGET_NAME)";
				SUPPORTED_PLATFORMS = "iphoneos iphonesimulator";
				SUPPORTS_MACCATALYST = NO;
				SUPPORTS_MAC_DESIGNED_FOR_IPHONE_IPAD = NO;
				SWIFT_EMIT_LOC_STRINGS = YES;
				SWIFT_VERSION = 5.0;
				TARGETED_DEVICE_FAMILY = 1;
			};
			name = Debug;
		};
		FCE8FFCA29C0B0C30022F42E /* Release */ = {
			isa = XCBuildConfiguration;
			buildSettings = {
				ASSETCATALOG_COMPILER_APPICON_NAME = AppIcon;
				ASSETCATALOG_COMPILER_GLOBAL_ACCENT_COLOR_NAME = AccentColor;
				CODE_SIGN_STYLE = Automatic;
				CURRENT_PROJECT_VERSION = 1;
				GENERATE_INFOPLIST_FILE = YES;
				INFOPLIST_FILE = SegueDongguo/Info.plist;
				INFOPLIST_KEY_UIApplicationSupportsIndirectInputEvents = YES;
				INFOPLIST_KEY_UILaunchStoryboardName = LaunchScreen;
				INFOPLIST_KEY_UIMainStoryboardFile = Main;
				INFOPLIST_KEY_UISupportedInterfaceOrientations_iPad = "UIInterfaceOrientationPortrait UIInterfaceOrientationPortraitUpsideDown UIInterfaceOrientationLandscapeLeft UIInterfaceOrientationLandscapeRight";
				INFOPLIST_KEY_UISupportedInterfaceOrientations_iPhone = "UIInterfaceOrientationPortrait UIInterfaceOrientationLandscapeLeft UIInterfaceOrientationLandscapeRight";
				IPHONEOS_DEPLOYMENT_TARGET = 15.0;
				LD_RUNPATH_SEARCH_PATHS = (
					"$(inherited)",
					"@executable_path/Frameworks",
				);
				MARKETING_VERSION = 1.0;
				PRODUCT_BUNDLE_IDENTIFIER = xyz.dongguo.SegueDongguo;
				PRODUCT_NAME = "$(TARGET_NAME)";
				SUPPORTED_PLATFORMS = "iphoneos iphonesimulator";
				SUPPORTS_MACCATALYST = NO;
				SUPPORTS_MAC_DESIGNED_FOR_IPHONE_IPAD = NO;
				SWIFT_EMIT_LOC_STRINGS = YES;
				SWIFT_VERSION = 5.0;
				TARGETED_DEVICE_FAMILY = 1;
			};
			name = Release;
		};
/* End XCBuildConfiguration section */

/* Begin XCConfigurationList section */
		FCE8FFAF29C0B0C00022F42E /* Build configuration list for PBXProject "SegueDongguo" */ = {
			isa = XCConfigurationList;
			buildConfigurations = (
				FCE8FFC629C0B0C30022F42E /* Debug */,
				FCE8FFC729C0B0C30022F42E /* Release */,
			);
			defaultConfigurationIsVisible = 0;
			defaultConfigurationName = Release;
		};
		FCE8FFC829C0B0C30022F42E /* Build configuration list for PBXNativeTarget "SegueDongguo" */ = {
			isa = XCConfigurationList;
			buildConfigurations = (
				FCE8FFC929C0B0C30022F42E /* Debug */,
				FCE8FFCA29C0B0C30022F42E /* Release */,
			);
			defaultConfigurationIsVisible = 0;
			defaultConfigurationName = Release;
		};
/* End XCConfigurationList section */
	};
	rootObject = FCE8FFAC29C0B0C00022F42E /* Project object */;
}
