// !$*UTF8*$!
{
	archiveVersion = 1;
	classes = {
	};
	objectVersion = 56;
	objects = {

/* Begin PBXBuildFile section */
		630B11B229CB5895003263DB /* AppDelegate.swift in Sources */ = {isa = PBXBuildFile; fileRef = 630B11B129CB5895003263DB /* AppDelegate.swift */; };
		630B11B429CB5895003263DB /* SceneDelegate.swift in Sources */ = {isa = PBXBuildFile; fileRef = 630B11B329CB5895003263DB /* SceneDelegate.swift */; };
		630B11B629CB5895003263DB /* ViewController.swift in Sources */ = {isa = PBXBuildFile; fileRef = 630B11B529CB5895003263DB /* ViewController.swift */; };
		630B11B929CB5895003263DB /* Main.storyboard in Resources */ = {isa = PBXBuildFile; fileRef = 630B11B729CB5895003263DB /* Main.storyboard */; };
		630B11BB29CB5896003263DB /* Assets.xcassets in Resources */ = {isa = PBXBuildFile; fileRef = 630B11BA29CB5896003263DB /* Assets.xcassets */; };
		630B11BE29CB5896003263DB /* LaunchScreen.storyboard in Resources */ = {isa = PBXBuildFile; fileRef = 630B11BC29CB5896003263DB /* LaunchScreen.storyboard */; };
		630B11C729CB58EA003263DB /* MediaModel.swift in Sources */ = {isa = PBXBuildFile; fileRef = 630B11C629CB58EA003263DB /* MediaModel.swift */; };
		630B11CB29CB59BE003263DB /* EmojiTableTableViewController.swift in Sources */ = {isa = PBXBuildFile; fileRef = 630B11C829CB59BE003263DB /* EmojiTableTableViewController.swift */; };
		630B11CC29CB59BE003263DB /* EmojiTableViewCell.swift in Sources */ = {isa = PBXBuildFile; fileRef = 630B11C929CB59BE003263DB /* EmojiTableViewCell.swift */; };
		630B11CD29CB59BE003263DB /* AddEditEmojiTableViewController.swift in Sources */ = {isa = PBXBuildFile; fileRef = 630B11CA29CB59BE003263DB /* AddEditEmojiTableViewController.swift */; };
		630B11CF29CB59ED003263DB /* Emoji.swift in Sources */ = {isa = PBXBuildFile; fileRef = 630B11CE29CB59ED003263DB /* Emoji.swift */; };
/* End PBXBuildFile section */

/* Begin PBXFileReference section */
		630B11AE29CB5895003263DB /* Dongguo.app */ = {isa = PBXFileReference; explicitFileType = wrapper.application; includeInIndex = 0; path = Dongguo.app; sourceTree = BUILT_PRODUCTS_DIR; };
		630B11B129CB5895003263DB /* AppDelegate.swift */ = {isa = PBXFileReference; lastKnownFileType = sourcecode.swift; path = AppDelegate.swift; sourceTree = "<group>"; };
		630B11B329CB5895003263DB /* SceneDelegate.swift */ = {isa = PBXFileReference; lastKnownFileType = sourcecode.swift; path = SceneDelegate.swift; sourceTree = "<group>"; };
		630B11B529CB5895003263DB /* ViewController.swift */ = {isa = PBXFileReference; lastKnownFileType = sourcecode.swift; path = ViewController.swift; sourceTree = "<group>"; };
		630B11B829CB5895003263DB /* Base */ = {isa = PBXFileReference; lastKnownFileType = file.storyboard; name = Base; path = Base.lproj/Main.storyboard; sourceTree = "<group>"; };
		630B11BA29CB5896003263DB /* Assets.xcassets */ = {isa = PBXFileReference; lastKnownFileType = folder.assetcatalog; path = Assets.xcassets; sourceTree = "<group>"; };
		630B11BD29CB5896003263DB /* Base */ = {isa = PBXFileReference; lastKnownFileType = file.storyboard; name = Base; path = Base.lproj/LaunchScreen.storyboard; sourceTree = "<group>"; };
		630B11BF29CB5896003263DB /* Info.plist */ = {isa = PBXFileReference; lastKnownFileType = text.plist.xml; path = Info.plist; sourceTree = "<group>"; };
		630B11C629CB58EA003263DB /* MediaModel.swift */ = {isa = PBXFileReference; lastKnownFileType = sourcecode.swift; path = MediaModel.swift; sourceTree = "<group>"; };
		630B11C829CB59BE003263DB /* EmojiTableTableViewController.swift */ = {isa = PBXFileReference; fileEncoding = 4; lastKnownFileType = sourcecode.swift; name = EmojiTableTableViewController.swift; path = "../../../../../Downloads/10-TableView-Intermediate-Develope in Swift Datacollection 127/TableViewDemo/EmojiTableTableViewController.swift"; sourceTree = "<group>"; };
		630B11C929CB59BE003263DB /* EmojiTableViewCell.swift */ = {isa = PBXFileReference; fileEncoding = 4; lastKnownFileType = sourcecode.swift; name = EmojiTableViewCell.swift; path = "../../../../../Downloads/10-TableView-Intermediate-Develope in Swift Datacollection 127/TableViewDemo/EmojiTableViewCell.swift"; sourceTree = "<group>"; };
		630B11CA29CB59BE003263DB /* AddEditEmojiTableViewController.swift */ = {isa = PBXFileReference; fileEncoding = 4; lastKnownFileType = sourcecode.swift; name = AddEditEmojiTableViewController.swift; path = "../../../../../Downloads/10-TableView-Intermediate-Develope in Swift Datacollection 127/TableViewDemo/AddEditEmojiTableViewController.swift"; sourceTree = "<group>"; };
		630B11CE29CB59ED003263DB /* Emoji.swift */ = {isa = PBXFileReference; fileEncoding = 4; lastKnownFileType = sourcecode.swift; name = Emoji.swift; path = "../../../../../../Downloads/10-TableView-Intermediate-Develope in Swift Datacollection 127/TableViewDemo/Model/Emoji.swift"; sourceTree = "<group>"; };
/* End PBXFileReference section */

/* Begin PBXFrameworksBuildPhase section */
		630B11AB29CB5895003263DB /* Frameworks */ = {
			isa = PBXFrameworksBuildPhase;
			buildActionMask = 2147483647;
			files = (
			);
			runOnlyForDeploymentPostprocessing = 0;
		};
/* End PBXFrameworksBuildPhase section */

/* Begin PBXGroup section */
		630B11A529CB5895003263DB = {
			isa = PBXGroup;
			children = (
				630B11B029CB5895003263DB /* Dongguo */,
				630B11AF29CB5895003263DB /* Products */,
			);
			sourceTree = "<group>";
		};
		630B11AF29CB5895003263DB /* Products */ = {
			isa = PBXGroup;
			children = (
				630B11AE29CB5895003263DB /* Dongguo.app */,
			);
			name = Products;
			sourceTree = "<group>";
		};
		630B11B029CB5895003263DB /* Dongguo */ = {
			isa = PBXGroup;
			children = (
				630B11C529CB58C6003263DB /* Model */,
				630B11B129CB5895003263DB /* AppDelegate.swift */,
				630B11B329CB5895003263DB /* SceneDelegate.swift */,
				630B11B529CB5895003263DB /* ViewController.swift */,
				630B11B729CB5895003263DB /* Main.storyboard */,
				630B11BA29CB5896003263DB /* Assets.xcassets */,
				630B11BC29CB5896003263DB /* LaunchScreen.storyboard */,
				630B11BF29CB5896003263DB /* Info.plist */,
				630B11CA29CB59BE003263DB /* AddEditEmojiTableViewController.swift */,
				630B11C829CB59BE003263DB /* EmojiTableTableViewController.swift */,
				630B11C929CB59BE003263DB /* EmojiTableViewCell.swift */,
			);
			path = Dongguo;
			sourceTree = "<group>";
		};
		630B11C529CB58C6003263DB /* Model */ = {
			isa = PBXGroup;
			children = (
				630B11CE29CB59ED003263DB /* Emoji.swift */,
				630B11C629CB58EA003263DB /* MediaModel.swift */,
			);
			path = Model;
			sourceTree = "<group>";
		};
/* End PBXGroup section */

/* Begin PBXNativeTarget section */
		630B11AD29CB5895003263DB /* Dongguo */ = {
			isa = PBXNativeTarget;
			buildConfigurationList = 630B11C229CB5896003263DB /* Build configuration list for PBXNativeTarget "Dongguo" */;
			buildPhases = (
				630B11AA29CB5895003263DB /* Sources */,
				630B11AB29CB5895003263DB /* Frameworks */,
				630B11AC29CB5895003263DB /* Resources */,
			);
			buildRules = (
			);
			dependencies = (
			);
			name = Dongguo;
			productName = Dongguo;
			productReference = 630B11AE29CB5895003263DB /* Dongguo.app */;
			productType = "com.apple.product-type.application";
		};
/* End PBXNativeTarget section */

/* Begin PBXProject section */
		630B11A629CB5895003263DB /* Project object */ = {
			isa = PBXProject;
			attributes = {
				BuildIndependentTargetsInParallel = 1;
				LastSwiftUpdateCheck = 1420;
				LastUpgradeCheck = 1420;
				TargetAttributes = {
					630B11AD29CB5895003263DB = {
						CreatedOnToolsVersion = 14.2;
					};
				};
			};
			buildConfigurationList = 630B11A929CB5895003263DB /* Build configuration list for PBXProject "Dongguo" */;
			compatibilityVersion = "Xcode 14.0";
			developmentRegion = en;
			hasScannedForEncodings = 0;
			knownRegions = (
				en,
				Base,
			);
			mainGroup = 630B11A529CB5895003263DB;
			productRefGroup = 630B11AF29CB5895003263DB /* Products */;
			projectDirPath = "";
			projectRoot = "";
			targets = (
				630B11AD29CB5895003263DB /* Dongguo */,
			);
		};
/* End PBXProject section */

/* Begin PBXResourcesBuildPhase section */
		630B11AC29CB5895003263DB /* Resources */ = {
			isa = PBXResourcesBuildPhase;
			buildActionMask = 2147483647;
			files = (
				630B11BE29CB5896003263DB /* LaunchScreen.storyboard in Resources */,
				630B11BB29CB5896003263DB /* Assets.xcassets in Resources */,
				630B11B929CB5895003263DB /* Main.storyboard in Resources */,
			);
			runOnlyForDeploymentPostprocessing = 0;
		};
/* End PBXResourcesBuildPhase section */

/* Begin PBXSourcesBuildPhase section */
		630B11AA29CB5895003263DB /* Sources */ = {
			isa = PBXSourcesBuildPhase;
			buildActionMask = 2147483647;
			files = (
				630B11C729CB58EA003263DB /* MediaModel.swift in Sources */,
				630B11B629CB5895003263DB /* ViewController.swift in Sources */,
				630B11CF29CB59ED003263DB /* Emoji.swift in Sources */,
				630B11B229CB5895003263DB /* AppDelegate.swift in Sources */,
				630B11B429CB5895003263DB /* SceneDelegate.swift in Sources */,
				630B11CC29CB59BE003263DB /* EmojiTableViewCell.swift in Sources */,
				630B11CD29CB59BE003263DB /* AddEditEmojiTableViewController.swift in Sources */,
				630B11CB29CB59BE003263DB /* EmojiTableTableViewController.swift in Sources */,
			);
			runOnlyForDeploymentPostprocessing = 0;
		};
/* End PBXSourcesBuildPhase section */

/* Begin PBXVariantGroup section */
		630B11B729CB5895003263DB /* Main.storyboard */ = {
			isa = PBXVariantGroup;
			children = (
				630B11B829CB5895003263DB /* Base */,
			);
			name = Main.storyboard;
			sourceTree = "<group>";
		};
		630B11BC29CB5896003263DB /* LaunchScreen.storyboard */ = {
			isa = PBXVariantGroup;
			children = (
				630B11BD29CB5896003263DB /* Base */,
			);
			name = LaunchScreen.storyboard;
			sourceTree = "<group>";
		};
/* End PBXVariantGroup section */

/* Begin XCBuildConfiguration section */
		630B11C029CB5896003263DB /* Debug */ = {
			isa = XCBuildConfiguration;
			buildSettings = {
				ALWAYS_SEARCH_USER_PATHS = NO;
				CLANG_ANALYZER_NONNULL = YES;
				CLANG_ANALYZER_NUMBER_OBJECT_CONVERSION = YES_AGGRESSIVE;
				CLANG_CXX_LANGUAGE_STANDARD = "gnu++20";
				CLANG_ENABLE_MODULES = YES;
				CLANG_ENABLE_OBJC_ARC = YES;
				CLANG_ENABLE_OBJC_WEAK = YES;
				CLANG_WARN_BLOCK_CAPTURE_AUTORELEASING = YES;
				CLANG_WARN_BOOL_CONVERSION = YES;
				CLANG_WARN_COMMA = YES;
				CLANG_WARN_CONSTANT_CONVERSION = YES;
				CLANG_WARN_DEPRECATED_OBJC_IMPLEMENTATIONS = YES;
				CLANG_WARN_DIRECT_OBJC_ISA_USAGE = YES_ERROR;
				CLANG_WARN_DOCUMENTATION_COMMENTS = YES;
				CLANG_WARN_EMPTY_BODY = YES;
				CLANG_WARN_ENUM_CONVERSION = YES;
				CLANG_WARN_INFINITE_RECURSION = YES;
				CLANG_WARN_INT_CONVERSION = YES;
				CLANG_WARN_NON_LITERAL_NULL_CONVERSION = YES;
				CLANG_WARN_OBJC_IMPLICIT_RETAIN_SELF = YES;
				CLANG_WARN_OBJC_LITERAL_CONVERSION = YES;
				CLANG_WARN_OBJC_ROOT_CLASS = YES_ERROR;
				CLANG_WARN_QUOTED_INCLUDE_IN_FRAMEWORK_HEADER = YES;
				CLANG_WARN_RANGE_LOOP_ANALYSIS = YES;
				CLANG_WARN_STRICT_PROTOTYPES = YES;
				CLANG_WARN_SUSPICIOUS_MOVE = YES;
				CLANG_WARN_UNGUARDED_AVAILABILITY = YES_AGGRESSIVE;
				CLANG_WARN_UNREACHABLE_CODE = YES;
				CLANG_WARN__DUPLICATE_METHOD_MATCH = YES;
				COPY_PHASE_STRIP = NO;
				DEBUG_INFORMATION_FORMAT = dwarf;
				ENABLE_STRICT_OBJC_MSGSEND = YES;
				ENABLE_TESTABILITY = YES;
				GCC_C_LANGUAGE_STANDARD = gnu11;
				GCC_DYNAMIC_NO_PIC = NO;
				GCC_NO_COMMON_BLOCKS = YES;
				GCC_OPTIMIZATION_LEVEL = 0;
				GCC_PREPROCESSOR_DEFINITIONS = (
					"DEBUG=1",
					"$(inherited)",
				);
				GCC_WARN_64_TO_32_BIT_CONVERSION = YES;
				GCC_WARN_ABOUT_RETURN_TYPE = YES_ERROR;
				GCC_WARN_UNDECLARED_SELECTOR = YES;
				GCC_WARN_UNINITIALIZED_AUTOS = YES_AGGRESSIVE;
				GCC_WARN_UNUSED_FUNCTION = YES;
				GCC_WARN_UNUSED_VARIABLE = YES;
				IPHONEOS_DEPLOYMENT_TARGET = 16.2;
				MTL_ENABLE_DEBUG_INFO = INCLUDE_SOURCE;
				MTL_FAST_MATH = YES;
				ONLY_ACTIVE_ARCH = YES;
				SDKROOT = iphoneos;
				SWIFT_ACTIVE_COMPILATION_CONDITIONS = DEBUG;
				SWIFT_OPTIMIZATION_LEVEL = "-Onone";
			};
			name = Debug;
		};
		630B11C129CB5896003263DB /* Release */ = {
			isa = XCBuildConfiguration;
			buildSettings = {
				ALWAYS_SEARCH_USER_PATHS = NO;
				CLANG_ANALYZER_NONNULL = YES;
				CLANG_ANALYZER_NUMBER_OBJECT_CONVERSION = YES_AGGRESSIVE;
				CLANG_CXX_LANGUAGE_STANDARD = "gnu++20";
				CLANG_ENABLE_MODULES = YES;
				CLANG_ENABLE_OBJC_ARC = YES;
				CLANG_ENABLE_OBJC_WEAK = YES;
				CLANG_WARN_BLOCK_CAPTURE_AUTORELEASING = YES;
				CLANG_WARN_BOOL_CONVERSION = YES;
				CLANG_WARN_COMMA = YES;
				CLANG_WARN_CONSTANT_CONVERSION = YES;
				CLANG_WARN_DEPRECATED_OBJC_IMPLEMENTATIONS = YES;
				CLANG_WARN_DIRECT_OBJC_ISA_USAGE = YES_ERROR;
				CLANG_WARN_DOCUMENTATION_COMMENTS = YES;
				CLANG_WARN_EMPTY_BODY = YES;
				CLANG_WARN_ENUM_CONVERSION = YES;
				CLANG_WARN_INFINITE_RECURSION = YES;
				CLANG_WARN_INT_CONVERSION = YES;
				CLANG_WARN_NON_LITERAL_NULL_CONVERSION = YES;
				CLANG_WARN_OBJC_IMPLICIT_RETAIN_SELF = YES;
				CLANG_WARN_OBJC_LITERAL_CONVERSION = YES;
				CLANG_WARN_OBJC_ROOT_CLASS = YES_ERROR;
				CLANG_WARN_QUOTED_INCLUDE_IN_FRAMEWORK_HEADER = YES;
				CLANG_WARN_RANGE_LOOP_ANALYSIS = YES;
				CLANG_WARN_STRICT_PROTOTYPES = YES;
				CLANG_WARN_SUSPICIOUS_MOVE = YES;
				CLANG_WARN_UNGUARDED_AVAILABILITY = YES_AGGRESSIVE;
				CLANG_WARN_UNREACHABLE_CODE = YES;
				CLANG_WARN__DUPLICATE_METHOD_MATCH = YES;
				COPY_PHASE_STRIP = NO;
				DEBUG_INFORMATION_FORMAT = "dwarf-with-dsym";
				ENABLE_NS_ASSERTIONS = NO;
				ENABLE_STRICT_OBJC_MSGSEND = YES;
				GCC_C_LANGUAGE_STANDARD = gnu11;
				GCC_NO_COMMON_BLOCKS = YES;
				GCC_WARN_64_TO_32_BIT_CONVERSION = YES;
				GCC_WARN_ABOUT_RETURN_TYPE = YES_ERROR;
				GCC_WARN_UNDECLARED_SELECTOR = YES;
				GCC_WARN_UNINITIALIZED_AUTOS = YES_AGGRESSIVE;
				GCC_WARN_UNUSED_FUNCTION = YES;
				GCC_WARN_UNUSED_VARIABLE = YES;
				IPHONEOS_DEPLOYMENT_TARGET = 16.2;
				MTL_ENABLE_DEBUG_INFO = NO;
				MTL_FAST_MATH = YES;
				SDKROOT = iphoneos;
				SWIFT_COMPILATION_MODE = wholemodule;
				SWIFT_OPTIMIZATION_LEVEL = "-O";
				VALIDATE_PRODUCT = YES;
			};
			name = Release;
		};
		630B11C329CB5896003263DB /* Debug */ = {
			isa = XCBuildConfiguration;
			buildSettings = {
				ASSETCATALOG_COMPILER_APPICON_NAME = AppIcon;
				ASSETCATALOG_COMPILER_GLOBAL_ACCENT_COLOR_NAME = AccentColor;
				CODE_SIGN_STYLE = Automatic;
				CURRENT_PROJECT_VERSION = 1;
				GENERATE_INFOPLIST_FILE = YES;
				INFOPLIST_FILE = Dongguo/Info.plist;
				INFOPLIST_KEY_UIApplicationSupportsIndirectInputEvents = YES;
				INFOPLIST_KEY_UILaunchStoryboardName = LaunchScreen;
				INFOPLIST_KEY_UIMainStoryboardFile = Main;
				INFOPLIST_KEY_UISupportedInterfaceOrientations_iPad = "UIInterfaceOrientationPortrait UIInterfaceOrientationPortraitUpsideDown UIInterfaceOrientationLandscapeLeft UIInterfaceOrientationLandscapeRight";
				INFOPLIST_KEY_UISupportedInterfaceOrientations_iPhone = "UIInterfaceOrientationPortrait UIInterfaceOrientationLandscapeLeft UIInterfaceOrientationLandscapeRight";
				IPHONEOS_DEPLOYMENT_TARGET = 15.0;
				LD_RUNPATH_SEARCH_PATHS = (
					"$(inherited)",
					"@executable_path/Frameworks",
				);
				MARKETING_VERSION = 1.0;
				PRODUCT_BUNDLE_IDENTIFIER = xyz.dongguo.Dongguo;
				PRODUCT_NAME = "$(TARGET_NAME)";
				SUPPORTED_PLATFORMS = "iphoneos iphonesimulator";
				SUPPORTS_MACCATALYST = NO;
				SUPPORTS_MAC_DESIGNED_FOR_IPHONE_IPAD = NO;
				SWIFT_EMIT_LOC_STRINGS = YES;
				SWIFT_VERSION = 5.0;
				TARGETED_DEVICE_FAMILY = "1,2";
			};
			name = Debug;
		};
		630B11C429CB5896003263DB /* Release */ = {
			isa = XCBuildConfiguration;
			buildSettings = {
				ASSETCATALOG_COMPILER_APPICON_NAME = AppIcon;
				ASSETCATALOG_COMPILER_GLOBAL_ACCENT_COLOR_NAME = AccentColor;
				CODE_SIGN_STYLE = Automatic;
				CURRENT_PROJECT_VERSION = 1;
				GENERATE_INFOPLIST_FILE = YES;
				INFOPLIST_FILE = Dongguo/Info.plist;
				INFOPLIST_KEY_UIApplicationSupportsIndirectInputEvents = YES;
				INFOPLIST_KEY_UILaunchStoryboardName = LaunchScreen;
				INFOPLIST_KEY_UIMainStoryboardFile = Main;
				INFOPLIST_KEY_UISupportedInterfaceOrientations_iPad = "UIInterfaceOrientationPortrait UIInterfaceOrientationPortraitUpsideDown UIInterfaceOrientationLandscapeLeft UIInterfaceOrientationLandscapeRight";
				INFOPLIST_KEY_UISupportedInterfaceOrientations_iPhone = "UIInterfaceOrientationPortrait UIInterfaceOrientationLandscapeLeft UIInterfaceOrientationLandscapeRight";
				IPHONEOS_DEPLOYMENT_TARGET = 15.0;
				LD_RUNPATH_SEARCH_PATHS = (
					"$(inherited)",
					"@executable_path/Frameworks",
				);
				MARKETING_VERSION = 1.0;
				PRODUCT_BUNDLE_IDENTIFIER = xyz.dongguo.Dongguo;
				PRODUCT_NAME = "$(TARGET_NAME)";
				SUPPORTED_PLATFORMS = "iphoneos iphonesimulator";
				SUPPORTS_MACCATALYST = NO;
				SUPPORTS_MAC_DESIGNED_FOR_IPHONE_IPAD = NO;
				SWIFT_EMIT_LOC_STRINGS = YES;
				SWIFT_VERSION = 5.0;
				TARGETED_DEVICE_FAMILY = "1,2";
			};
			name = Release;
		};
/* End XCBuildConfiguration section */

/* Begin XCConfigurationList section */
		630B11A929CB5895003263DB /* Build configuration list for PBXProject "Dongguo" */ = {
			isa = XCConfigurationList;
			buildConfigurations = (
				630B11C029CB5896003263DB /* Debug */,
				630B11C129CB5896003263DB /* Release */,
			);
			defaultConfigurationIsVisible = 0;
			defaultConfigurationName = Release;
		};
		630B11C229CB5896003263DB /* Build configuration list for PBXNativeTarget "Dongguo" */ = {
			isa = XCConfigurationList;
			buildConfigurations = (
				630B11C329CB5896003263DB /* Debug */,
				630B11C429CB5896003263DB /* Release */,
			);
			defaultConfigurationIsVisible = 0;
			defaultConfigurationName = Release;
		};
/* End XCConfigurationList section */
	};
	rootObject = 630B11A629CB5895003263DB /* Project object */;
}
